// !$*UTF8*$!
{
	archiveVersion = 1;
	classes = {
	};
	objectVersion = 70;
	objects = {

/* Begin PBXBuildFile section */
		C61CF8D92CF026F9001A93C5 /* FirebaseAuth in Frameworks */ = {isa = PBXBuildFile; productRef = C61CF8D82CF026F9001A93C5 /* FirebaseAuth */; };
		C61CF8DB2CF026F9001A93C5 /* FirebaseFirestore in Frameworks */ = {isa = PBXBuildFile; productRef = C61CF8DA2CF026F9001A93C5 /* FirebaseFirestore */; };
		C6CB4DB92B4860400040C9F9 /* Preview Assets.xcassets in Resources */ = {isa = PBXBuildFile; fileRef = C6CB4DB82B4860400040C9F9 /* Preview Assets.xcassets */; };
		C6DEE5C42B4A1C07004B1552 /* Security.framework in Frameworks */ = {isa = PBXBuildFile; fileRef = C6DEE5C32B4A1C07004B1552 /* Security.framework */; };
		C6F9AE9D2CFBE48B001E8608 /* Info.plist in Resources */ = {isa = PBXBuildFile; fileRef = C6DEE5C52B4A2518004B1552 /* Info.plist */; };
		C6F9AEB62CFC370E001E8608 /* WidgetKit.framework in Frameworks */ = {isa = PBXBuildFile; fileRef = C6F9AEB52CFC370E001E8608 /* WidgetKit.framework */; };
		C6F9AEB82CFC370E001E8608 /* SwiftUI.framework in Frameworks */ = {isa = PBXBuildFile; fileRef = C6F9AEB72CFC370E001E8608 /* SwiftUI.framework */; };
		C6F9AEC52CFC370F001E8608 /* WidgetsExtension.appex in Embed Foundation Extensions */ = {isa = PBXBuildFile; fileRef = C6F9AEB42CFC370E001E8608 /* WidgetsExtension.appex */; settings = {ATTRIBUTES = (RemoveHeadersOnCopy, ); }; };
		C6F9AF472CFD1DFA001E8608 /* ArchGithHubStatusApp.swift in Sources */ = {isa = PBXBuildFile; fileRef = C6F9AF402CFD1DFA001E8608 /* ArchGithHubStatusApp.swift */; };
		C6F9AF6C2CFD1DFA001E8608 /* Assets.xcassets in Resources */ = {isa = PBXBuildFile; fileRef = C6F9AF5B2CFD1DFA001E8608 /* Assets.xcassets */; };
		C6F9AFA82CFE1CE8001E8608 /* FirebaseCore in Frameworks */ = {isa = PBXBuildFile; productRef = C6F9AFA72CFE1CE8001E8608 /* FirebaseCore */; };
		C6F9AFAD2CFE1DCB001E8608 /* FirebaseAuth in Frameworks */ = {isa = PBXBuildFile; productRef = C6F9AFAC2CFE1DCB001E8608 /* FirebaseAuth */; };
		C6F9AFAF2CFE1DCB001E8608 /* FirebaseFirestore in Frameworks */ = {isa = PBXBuildFile; productRef = C6F9AFAE2CFE1DCB001E8608 /* FirebaseFirestore */; };
		C6F9AFB12CFE1DDB001E8608 /* FirebaseAuth in Frameworks */ = {isa = PBXBuildFile; productRef = C6F9AFB02CFE1DDB001E8608 /* FirebaseAuth */; };
		C6F9AFB32CFE1DDB001E8608 /* FirebaseCore in Frameworks */ = {isa = PBXBuildFile; productRef = C6F9AFB22CFE1DDB001E8608 /* FirebaseCore */; };
		C6F9AFB52CFE1DDB001E8608 /* FirebaseFirestore in Frameworks */ = {isa = PBXBuildFile; productRef = C6F9AFB42CFE1DDB001E8608 /* FirebaseFirestore */; };
		C6F9AFB72CFE1DF0001E8608 /* FirebaseAuth in Frameworks */ = {isa = PBXBuildFile; productRef = C6F9AFB62CFE1DF0001E8608 /* FirebaseAuth */; };
		C6F9AFB92CFE1DF0001E8608 /* FirebaseCore in Frameworks */ = {isa = PBXBuildFile; productRef = C6F9AFB82CFE1DF0001E8608 /* FirebaseCore */; };
		C6F9AFBB2CFE1DF0001E8608 /* FirebaseFirestore in Frameworks */ = {isa = PBXBuildFile; productRef = C6F9AFBA2CFE1DF0001E8608 /* FirebaseFirestore */; };
/* End PBXBuildFile section */

/* Begin PBXContainerItemProxy section */
		C6F9AE722CFBE255001E8608 /* PBXContainerItemProxy */ = {
			isa = PBXContainerItemProxy;
			containerPortal = C6CB4DA62B48603E0040C9F9 /* Project object */;
			proxyType = 1;
			remoteGlobalIDString = C6F9AE612CFBE254001E8608;
			remoteInfo = Social_Activity.iOS;
		};
		C6F9AE7C2CFBE255001E8608 /* PBXContainerItemProxy */ = {
			isa = PBXContainerItemProxy;
			containerPortal = C6CB4DA62B48603E0040C9F9 /* Project object */;
			proxyType = 1;
			remoteGlobalIDString = C6F9AE612CFBE254001E8608;
			remoteInfo = Social_Activity.iOS;
		};
		C6F9AEC32CFC370F001E8608 /* PBXContainerItemProxy */ = {
			isa = PBXContainerItemProxy;
			containerPortal = C6CB4DA62B48603E0040C9F9 /* Project object */;
			proxyType = 1;
			remoteGlobalIDString = C6F9AEB32CFC370E001E8608;
			remoteInfo = WidgetsExtension;
		};
/* End PBXContainerItemProxy section */

/* Begin PBXCopyFilesBuildPhase section */
		C6F9AECA2CFC370F001E8608 /* Embed Foundation Extensions */ = {
			isa = PBXCopyFilesBuildPhase;
			buildActionMask = 2147483647;
			dstPath = "";
			dstSubfolderSpec = 13;
			files = (
				C6F9AEC52CFC370F001E8608 /* WidgetsExtension.appex in Embed Foundation Extensions */,
			);
			name = "Embed Foundation Extensions";
			runOnlyForDeploymentPostprocessing = 0;
		};
/* End PBXCopyFilesBuildPhase section */

/* Begin PBXFileReference section */
		C6CB4DAE2B48603E0040C9F9 /* Social_Activity.app */ = {isa = PBXFileReference; explicitFileType = wrapper.application; includeInIndex = 0; path = Social_Activity.app; sourceTree = BUILT_PRODUCTS_DIR; };
		C6CB4DB82B4860400040C9F9 /* Preview Assets.xcassets */ = {isa = PBXFileReference; lastKnownFileType = folder.assetcatalog; path = "Preview Assets.xcassets"; sourceTree = "<group>"; };
		C6CB4DBA2B4860400040C9F9 /* Social_Activity.entitlements */ = {isa = PBXFileReference; lastKnownFileType = text.plist.entitlements; path = Social_Activity.entitlements; sourceTree = "<group>"; };
		C6DEE5C32B4A1C07004B1552 /* Security.framework */ = {isa = PBXFileReference; lastKnownFileType = wrapper.framework; name = Security.framework; path = System/Library/Frameworks/Security.framework; sourceTree = SDKROOT; };
		C6DEE5C52B4A2518004B1552 /* Info.plist */ = {isa = PBXFileReference; lastKnownFileType = text.plist; path = Info.plist; sourceTree = "<group>"; };
		C6F9AE622CFBE254001E8608 /* Social_Activity.iOS.app */ = {isa = PBXFileReference; explicitFileType = wrapper.application; includeInIndex = 0; path = Social_Activity.iOS.app; sourceTree = BUILT_PRODUCTS_DIR; };
		C6F9AE712CFBE255001E8608 /* Social_Activity.iOSTests.xctest */ = {isa = PBXFileReference; explicitFileType = wrapper.cfbundle; includeInIndex = 0; path = Social_Activity.iOSTests.xctest; sourceTree = BUILT_PRODUCTS_DIR; };
		C6F9AE7B2CFBE255001E8608 /* Social_Activity.iOSUITests.xctest */ = {isa = PBXFileReference; explicitFileType = wrapper.cfbundle; includeInIndex = 0; path = Social_Activity.iOSUITests.xctest; sourceTree = BUILT_PRODUCTS_DIR; };
		C6F9AEB42CFC370E001E8608 /* WidgetsExtension.appex */ = {isa = PBXFileReference; explicitFileType = "wrapper.app-extension"; includeInIndex = 0; path = WidgetsExtension.appex; sourceTree = BUILT_PRODUCTS_DIR; };
		C6F9AEB52CFC370E001E8608 /* WidgetKit.framework */ = {isa = PBXFileReference; lastKnownFileType = wrapper.framework; name = WidgetKit.framework; path = System/Library/Frameworks/WidgetKit.framework; sourceTree = SDKROOT; };
		C6F9AEB72CFC370E001E8608 /* SwiftUI.framework */ = {isa = PBXFileReference; lastKnownFileType = wrapper.framework; name = SwiftUI.framework; path = System/Library/Frameworks/SwiftUI.framework; sourceTree = SDKROOT; };
		C6F9AF402CFD1DFA001E8608 /* ArchGithHubStatusApp.swift */ = {isa = PBXFileReference; lastKnownFileType = sourcecode.swift; path = ArchGithHubStatusApp.swift; sourceTree = "<group>"; };
		C6F9AF5B2CFD1DFA001E8608 /* Assets.xcassets */ = {isa = PBXFileReference; lastKnownFileType = folder.assetcatalog; path = Assets.xcassets; sourceTree = "<group>"; };
/* End PBXFileReference section */

/* Begin PBXFileSystemSynchronizedBuildFileExceptionSet section */
		C6F9AEC92CFC370F001E8608 /* PBXFileSystemSynchronizedBuildFileExceptionSet */ = {
			isa = PBXFileSystemSynchronizedBuildFileExceptionSet;
			membershipExceptions = (
				Info.plist,
			);
			target = C6F9AEB32CFC370E001E8608 /* WidgetsExtension */;
		};
		C6F9B1272D016ACE001E8608 /* PBXFileSystemSynchronizedBuildFileExceptionSet */ = {
			isa = PBXFileSystemSynchronizedBuildFileExceptionSet;
			membershipExceptions = (
				EmojiPicker.swift,
				HomeView.swift,
				LoginView.swift,
				MacOSController.swift,
				ProfileView.swift,
				SettingsView.swift,
				StatusItem.swift,
			);
			target = C6F9AEB32CFC370E001E8608 /* WidgetsExtension */;
		};
/* End PBXFileSystemSynchronizedBuildFileExceptionSet section */

/* Begin PBXFileSystemSynchronizedRootGroup section */
		C66633EA2CF3A621008143CB /* Fonts */ = {isa = PBXFileSystemSynchronizedRootGroup; explicitFileTypes = {}; explicitFolders = (); path = Fonts; sourceTree = "<group>"; };
		C66633F92CF59825008143CB /* Shared */ = {isa = PBXFileSystemSynchronizedRootGroup; exceptions = (C6F9B1272D016ACE001E8608 /* PBXFileSystemSynchronizedBuildFileExceptionSet */, ); explicitFileTypes = {}; explicitFolders = (); path = Shared; sourceTree = "<group>"; };
		C6F9AE632CFBE254001E8608 /* Social_Activity.iOS */ = {isa = PBXFileSystemSynchronizedRootGroup; explicitFileTypes = {}; explicitFolders = (); path = Social_Activity.iOS; sourceTree = "<group>"; };
		C6F9AE742CFBE255001E8608 /* Social_Activity.iOSTests */ = {isa = PBXFileSystemSynchronizedRootGroup; explicitFileTypes = {}; explicitFolders = (); path = Social_Activity.iOSTests; sourceTree = "<group>"; };
		C6F9AE7E2CFBE255001E8608 /* Social_Activity.iOSUITests */ = {isa = PBXFileSystemSynchronizedRootGroup; explicitFileTypes = {}; explicitFolders = (); path = Social_Activity.iOSUITests; sourceTree = "<group>"; };
		C6F9AEB92CFC370E001E8608 /* Widgets */ = {isa = PBXFileSystemSynchronizedRootGroup; exceptions = (C6F9AEC92CFC370F001E8608 /* PBXFileSystemSynchronizedBuildFileExceptionSet */, ); explicitFileTypes = {}; explicitFolders = (); path = Widgets; sourceTree = "<group>"; };
		C6F9B12A2D016AD8001E8608 /* MenuBar */ = {isa = PBXFileSystemSynchronizedRootGroup; explicitFileTypes = {}; explicitFolders = (); path = MenuBar; sourceTree = "<group>"; };
/* End PBXFileSystemSynchronizedRootGroup section */

/* Begin PBXFrameworksBuildPhase section */
		C6CB4DAB2B48603E0040C9F9 /* Frameworks */ = {
			isa = PBXFrameworksBuildPhase;
			buildActionMask = 2147483647;
			files = (
				C6DEE5C42B4A1C07004B1552 /* Security.framework in Frameworks */,
				C6F9AFAD2CFE1DCB001E8608 /* FirebaseAuth in Frameworks */,
				C61CF8D92CF026F9001A93C5 /* FirebaseAuth in Frameworks */,
				C6F9AFA82CFE1CE8001E8608 /* FirebaseCore in Frameworks */,
				C61CF8DB2CF026F9001A93C5 /* FirebaseFirestore in Frameworks */,
				C6F9AFAF2CFE1DCB001E8608 /* FirebaseFirestore in Frameworks */,
			);
			runOnlyForDeploymentPostprocessing = 0;
		};
		C6F9AE5F2CFBE254001E8608 /* Frameworks */ = {
			isa = PBXFrameworksBuildPhase;
			buildActionMask = 2147483647;
			files = (
				C6F9AFB32CFE1DDB001E8608 /* FirebaseCore in Frameworks */,
				C6F9AFB12CFE1DDB001E8608 /* FirebaseAuth in Frameworks */,
				C6F9AFB52CFE1DDB001E8608 /* FirebaseFirestore in Frameworks */,
			);
			runOnlyForDeploymentPostprocessing = 0;
		};
		C6F9AE6E2CFBE255001E8608 /* Frameworks */ = {
			isa = PBXFrameworksBuildPhase;
			buildActionMask = 2147483647;
			files = (
			);
			runOnlyForDeploymentPostprocessing = 0;
		};
		C6F9AE782CFBE255001E8608 /* Frameworks */ = {
			isa = PBXFrameworksBuildPhase;
			buildActionMask = 2147483647;
			files = (
			);
			runOnlyForDeploymentPostprocessing = 0;
		};
		C6F9AEB12CFC370E001E8608 /* Frameworks */ = {
			isa = PBXFrameworksBuildPhase;
			buildActionMask = 2147483647;
			files = (
				C6F9AEB82CFC370E001E8608 /* SwiftUI.framework in Frameworks */,
				C6F9AFB72CFE1DF0001E8608 /* FirebaseAuth in Frameworks */,
				C6F9AFB92CFE1DF0001E8608 /* FirebaseCore in Frameworks */,
				C6F9AFBB2CFE1DF0001E8608 /* FirebaseFirestore in Frameworks */,
				C6F9AEB62CFC370E001E8608 /* WidgetKit.framework in Frameworks */,
			);
			runOnlyForDeploymentPostprocessing = 0;
		};
/* End PBXFrameworksBuildPhase section */

/* Begin PBXGroup section */
		C6CB4DA52B48603E0040C9F9 = {
			isa = PBXGroup;
			children = (
				C6CB4DB02B48603E0040C9F9 /* Social_Activity */,
				C6F9AE632CFBE254001E8608 /* Social_Activity.iOS */,
				C6F9AE742CFBE255001E8608 /* Social_Activity.iOSTests */,
				C6F9AE7E2CFBE255001E8608 /* Social_Activity.iOSUITests */,
				C6F9AEB92CFC370E001E8608 /* Widgets */,
				C6CB4DAF2B48603E0040C9F9 /* Products */,
				C6DEE5C22B4A1C07004B1552 /* Frameworks */,
				C66633F92CF59825008143CB /* Shared */,
			);
			sourceTree = "<group>";
		};
		C6CB4DAF2B48603E0040C9F9 /* Products */ = {
			isa = PBXGroup;
			children = (
				C6CB4DAE2B48603E0040C9F9 /* Social_Activity.app */,
				C6F9AE622CFBE254001E8608 /* Social_Activity.iOS.app */,
				C6F9AE712CFBE255001E8608 /* Social_Activity.iOSTests.xctest */,
				C6F9AE7B2CFBE255001E8608 /* Social_Activity.iOSUITests.xctest */,
				C6F9AEB42CFC370E001E8608 /* WidgetsExtension.appex */,
			);
			name = Products;
			sourceTree = "<group>";
		};
		C6CB4DB02B48603E0040C9F9 /* Social_Activity */ = {
			isa = PBXGroup;
			children = (
				C6DEE5C52B4A2518004B1552 /* Info.plist */,
				C66633EA2CF3A621008143CB /* Fonts */,
				C6CB4DBA2B4860400040C9F9 /* Social_Activity.entitlements */,
				C6CB4DB72B4860400040C9F9 /* Preview Content */,
				C6F9AF402CFD1DFA001E8608 /* ArchGithHubStatusApp.swift */,
				C6F9AF5B2CFD1DFA001E8608 /* Assets.xcassets */,
				C6F9B12A2D016AD8001E8608 /* MenuBar */,
			);
			path = Social_Activity;
			sourceTree = "<group>";
		};
		C6CB4DB72B4860400040C9F9 /* Preview Content */ = {
			isa = PBXGroup;
			children = (
				C6CB4DB82B4860400040C9F9 /* Preview Assets.xcassets */,
			);
			path = "Preview Content";
			sourceTree = "<group>";
		};
		C6DEE5C22B4A1C07004B1552 /* Frameworks */ = {
			isa = PBXGroup;
			children = (
				C6DEE5C32B4A1C07004B1552 /* Security.framework */,
				C6F9AEB52CFC370E001E8608 /* WidgetKit.framework */,
				C6F9AEB72CFC370E001E8608 /* SwiftUI.framework */,
			);
			name = Frameworks;
			sourceTree = "<group>";
		};
/* End PBXGroup section */

/* Begin PBXNativeTarget section */
		C6CB4DAD2B48603E0040C9F9 /* Social_Activity */ = {
			isa = PBXNativeTarget;
			buildConfigurationList = C6CB4DBD2B4860400040C9F9 /* Build configuration list for PBXNativeTarget "Social_Activity" */;
			buildPhases = (
				C6CB4DAA2B48603E0040C9F9 /* Sources */,
				C6CB4DAB2B48603E0040C9F9 /* Frameworks */,
				C6CB4DAC2B48603E0040C9F9 /* Resources */,
			);
			buildRules = (
			);
			dependencies = (
			);
			fileSystemSynchronizedGroups = (
				C66633EA2CF3A621008143CB /* Fonts */,
				C66633F92CF59825008143CB /* Shared */,
				C6F9B12A2D016AD8001E8608 /* MenuBar */,
			);
			name = Social_Activity;
			productName = ArchGithHubStatus;
			productReference = C6CB4DAE2B48603E0040C9F9 /* Social_Activity.app */;
			productType = "com.apple.product-type.application";
		};
		C6F9AE612CFBE254001E8608 /* Social_Activity.iOS */ = {
			isa = PBXNativeTarget;
			buildConfigurationList = C6F9AE832CFBE255001E8608 /* Build configuration list for PBXNativeTarget "Social_Activity.iOS" */;
			buildPhases = (
				C6F9AE5E2CFBE254001E8608 /* Sources */,
				C6F9AE5F2CFBE254001E8608 /* Frameworks */,
				C6F9AE602CFBE254001E8608 /* Resources */,
				C6F9AECA2CFC370F001E8608 /* Embed Foundation Extensions */,
			);
			buildRules = (
			);
			dependencies = (
				C6F9AEC42CFC370F001E8608 /* PBXTargetDependency */,
			);
			fileSystemSynchronizedGroups = (
				C66633F92CF59825008143CB /* Shared */,
				C6F9AE632CFBE254001E8608 /* Social_Activity.iOS */,
			);
			name = Social_Activity.iOS;
			packageProductDependencies = (
				C6F9AFB02CFE1DDB001E8608 /* FirebaseAuth */,
				C6F9AFB22CFE1DDB001E8608 /* FirebaseCore */,
				C6F9AFB42CFE1DDB001E8608 /* FirebaseFirestore */,
			);
			productName = Social_Activity.iOS;
			productReference = C6F9AE622CFBE254001E8608 /* Social_Activity.iOS.app */;
			productType = "com.apple.product-type.application";
		};
		C6F9AE702CFBE255001E8608 /* Social_Activity.iOSTests */ = {
			isa = PBXNativeTarget;
			buildConfigurationList = C6F9AE862CFBE255001E8608 /* Build configuration list for PBXNativeTarget "Social_Activity.iOSTests" */;
			buildPhases = (
				C6F9AE6D2CFBE255001E8608 /* Sources */,
				C6F9AE6E2CFBE255001E8608 /* Frameworks */,
				C6F9AE6F2CFBE255001E8608 /* Resources */,
			);
			buildRules = (
			);
			dependencies = (
				C6F9AE732CFBE255001E8608 /* PBXTargetDependency */,
			);
			fileSystemSynchronizedGroups = (
				C6F9AE742CFBE255001E8608 /* Social_Activity.iOSTests */,
			);
			name = Social_Activity.iOSTests;
			packageProductDependencies = (
			);
			productName = Social_Activity.iOSTests;
			productReference = C6F9AE712CFBE255001E8608 /* Social_Activity.iOSTests.xctest */;
			productType = "com.apple.product-type.bundle.unit-test";
		};
		C6F9AE7A2CFBE255001E8608 /* Social_Activity.iOSUITests */ = {
			isa = PBXNativeTarget;
			buildConfigurationList = C6F9AE892CFBE255001E8608 /* Build configuration list for PBXNativeTarget "Social_Activity.iOSUITests" */;
			buildPhases = (
				C6F9AE772CFBE255001E8608 /* Sources */,
				C6F9AE782CFBE255001E8608 /* Frameworks */,
				C6F9AE792CFBE255001E8608 /* Resources */,
			);
			buildRules = (
			);
			dependencies = (
				C6F9AE7D2CFBE255001E8608 /* PBXTargetDependency */,
			);
			fileSystemSynchronizedGroups = (
				C6F9AE7E2CFBE255001E8608 /* Social_Activity.iOSUITests */,
			);
			name = Social_Activity.iOSUITests;
			packageProductDependencies = (
			);
			productName = Social_Activity.iOSUITests;
			productReference = C6F9AE7B2CFBE255001E8608 /* Social_Activity.iOSUITests.xctest */;
			productType = "com.apple.product-type.bundle.ui-testing";
		};
		C6F9AEB32CFC370E001E8608 /* WidgetsExtension */ = {
			isa = PBXNativeTarget;
			buildConfigurationList = C6F9AEC62CFC370F001E8608 /* Build configuration list for PBXNativeTarget "WidgetsExtension" */;
			buildPhases = (
				C6F9AEB02CFC370E001E8608 /* Sources */,
				C6F9AEB12CFC370E001E8608 /* Frameworks */,
				C6F9AEB22CFC370E001E8608 /* Resources */,
			);
			buildRules = (
			);
			dependencies = (
			);
			fileSystemSynchronizedGroups = (
				C66633F92CF59825008143CB /* Shared */,
				C6F9AEB92CFC370E001E8608 /* Widgets */,
			);
			name = WidgetsExtension;
			packageProductDependencies = (
				C6F9AFB62CFE1DF0001E8608 /* FirebaseAuth */,
				C6F9AFB82CFE1DF0001E8608 /* FirebaseCore */,
				C6F9AFBA2CFE1DF0001E8608 /* FirebaseFirestore */,
			);
			productName = WidgetsExtension;
			productReference = C6F9AEB42CFC370E001E8608 /* WidgetsExtension.appex */;
			productType = "com.apple.product-type.app-extension";
		};
/* End PBXNativeTarget section */

/* Begin PBXProject section */
		C6CB4DA62B48603E0040C9F9 /* Project object */ = {
			isa = PBXProject;
			attributes = {
				BuildIndependentTargetsInParallel = 1;
				LastSwiftUpdateCheck = 1610;
				LastUpgradeCheck = 1510;
				TargetAttributes = {
					C6CB4DAD2B48603E0040C9F9 = {
						CreatedOnToolsVersion = 15.1;
					};
					C6F9AE612CFBE254001E8608 = {
						CreatedOnToolsVersion = 16.1;
					};
					C6F9AE702CFBE255001E8608 = {
						CreatedOnToolsVersion = 16.1;
						TestTargetID = C6F9AE612CFBE254001E8608;
					};
					C6F9AE7A2CFBE255001E8608 = {
						CreatedOnToolsVersion = 16.1;
						TestTargetID = C6F9AE612CFBE254001E8608;
					};
					C6F9AEB32CFC370E001E8608 = {
						CreatedOnToolsVersion = 16.1;
					};
				};
			};
			buildConfigurationList = C6CB4DA92B48603E0040C9F9 /* Build configuration list for PBXProject "Social_Activity" */;
			compatibilityVersion = "Xcode 14.0";
			developmentRegion = en;
			hasScannedForEncodings = 0;
			knownRegions = (
				en,
				Base,
			);
			mainGroup = C6CB4DA52B48603E0040C9F9;
			packageReferences = (
				C6F9AFAB2CFE1DCB001E8608 /* XCRemoteSwiftPackageReference "firebase-ios-sdk" */,
			);
			productRefGroup = C6CB4DAF2B48603E0040C9F9 /* Products */;
			projectDirPath = "";
			projectRoot = "";
			targets = (
				C6CB4DAD2B48603E0040C9F9 /* Social_Activity */,
				C6F9AE612CFBE254001E8608 /* Social_Activity.iOS */,
				C6F9AE702CFBE255001E8608 /* Social_Activity.iOSTests */,
				C6F9AE7A2CFBE255001E8608 /* Social_Activity.iOSUITests */,
				C6F9AEB32CFC370E001E8608 /* WidgetsExtension */,
			);
		};
/* End PBXProject section */

/* Begin PBXResourcesBuildPhase section */
		C6CB4DAC2B48603E0040C9F9 /* Resources */ = {
			isa = PBXResourcesBuildPhase;
			buildActionMask = 2147483647;
			files = (
				C6CB4DB92B4860400040C9F9 /* Preview Assets.xcassets in Resources */,
				C6F9AE9D2CFBE48B001E8608 /* Info.plist in Resources */,
				C6F9AF6C2CFD1DFA001E8608 /* Assets.xcassets in Resources */,
			);
			runOnlyForDeploymentPostprocessing = 0;
		};
		C6F9AE602CFBE254001E8608 /* Resources */ = {
			isa = PBXResourcesBuildPhase;
			buildActionMask = 2147483647;
			files = (
			);
			runOnlyForDeploymentPostprocessing = 0;
		};
		C6F9AE6F2CFBE255001E8608 /* Resources */ = {
			isa = PBXResourcesBuildPhase;
			buildActionMask = 2147483647;
			files = (
			);
			runOnlyForDeploymentPostprocessing = 0;
		};
		C6F9AE792CFBE255001E8608 /* Resources */ = {
			isa = PBXResourcesBuildPhase;
			buildActionMask = 2147483647;
			files = (
			);
			runOnlyForDeploymentPostprocessing = 0;
		};
		C6F9AEB22CFC370E001E8608 /* Resources */ = {
			isa = PBXResourcesBuildPhase;
			buildActionMask = 2147483647;
			files = (
			);
			runOnlyForDeploymentPostprocessing = 0;
		};
/* End PBXResourcesBuildPhase section */

/* Begin PBXSourcesBuildPhase section */
		C6CB4DAA2B48603E0040C9F9 /* Sources */ = {
			isa = PBXSourcesBuildPhase;
			buildActionMask = 2147483647;
			files = (
				C6F9AF472CFD1DFA001E8608 /* ArchGithHubStatusApp.swift in Sources */,
			);
			runOnlyForDeploymentPostprocessing = 0;
		};
		C6F9AE5E2CFBE254001E8608 /* Sources */ = {
			isa = PBXSourcesBuildPhase;
			buildActionMask = 2147483647;
			files = (
			);
			runOnlyForDeploymentPostprocessing = 0;
		};
		C6F9AE6D2CFBE255001E8608 /* Sources */ = {
			isa = PBXSourcesBuildPhase;
			buildActionMask = 2147483647;
			files = (
			);
			runOnlyForDeploymentPostprocessing = 0;
		};
		C6F9AE772CFBE255001E8608 /* Sources */ = {
			isa = PBXSourcesBuildPhase;
			buildActionMask = 2147483647;
			files = (
			);
			runOnlyForDeploymentPostprocessing = 0;
		};
		C6F9AEB02CFC370E001E8608 /* Sources */ = {
			isa = PBXSourcesBuildPhase;
			buildActionMask = 2147483647;
			files = (
			);
			runOnlyForDeploymentPostprocessing = 0;
		};
/* End PBXSourcesBuildPhase section */

/* Begin PBXTargetDependency section */
		C6F9AE732CFBE255001E8608 /* PBXTargetDependency */ = {
			isa = PBXTargetDependency;
			target = C6F9AE612CFBE254001E8608 /* Social_Activity.iOS */;
			targetProxy = C6F9AE722CFBE255001E8608 /* PBXContainerItemProxy */;
		};
		C6F9AE7D2CFBE255001E8608 /* PBXTargetDependency */ = {
			isa = PBXTargetDependency;
			target = C6F9AE612CFBE254001E8608 /* Social_Activity.iOS */;
			targetProxy = C6F9AE7C2CFBE255001E8608 /* PBXContainerItemProxy */;
		};
		C6F9AEC42CFC370F001E8608 /* PBXTargetDependency */ = {
			isa = PBXTargetDependency;
			target = C6F9AEB32CFC370E001E8608 /* WidgetsExtension */;
			targetProxy = C6F9AEC32CFC370F001E8608 /* PBXContainerItemProxy */;
		};
/* End PBXTargetDependency section */

/* Begin XCBuildConfiguration section */
		C6CB4DBB2B4860400040C9F9 /* Debug */ = {
			isa = XCBuildConfiguration;
			buildSettings = {
				ALWAYS_SEARCH_USER_PATHS = NO;
				ASSETCATALOG_COMPILER_GENERATE_SWIFT_ASSET_SYMBOL_EXTENSIONS = YES;
				CLANG_ANALYZER_NONNULL = YES;
				CLANG_ANALYZER_NUMBER_OBJECT_CONVERSION = YES_AGGRESSIVE;
				CLANG_CXX_LANGUAGE_STANDARD = "gnu++20";
				CLANG_ENABLE_MODULES = YES;
				CLANG_ENABLE_OBJC_ARC = YES;
				CLANG_ENABLE_OBJC_WEAK = YES;
				CLANG_WARN_BLOCK_CAPTURE_AUTORELEASING = YES;
				CLANG_WARN_BOOL_CONVERSION = YES;
				CLANG_WARN_COMMA = YES;
				CLANG_WARN_CONSTANT_CONVERSION = YES;
				CLANG_WARN_DEPRECATED_OBJC_IMPLEMENTATIONS = YES;
				CLANG_WARN_DIRECT_OBJC_ISA_USAGE = YES_ERROR;
				CLANG_WARN_DOCUMENTATION_COMMENTS = YES;
				CLANG_WARN_EMPTY_BODY = YES;
				CLANG_WARN_ENUM_CONVERSION = YES;
				CLANG_WARN_INFINITE_RECURSION = YES;
				CLANG_WARN_INT_CONVERSION = YES;
				CLANG_WARN_NON_LITERAL_NULL_CONVERSION = YES;
				CLANG_WARN_OBJC_IMPLICIT_RETAIN_SELF = YES;
				CLANG_WARN_OBJC_LITERAL_CONVERSION = YES;
				CLANG_WARN_OBJC_ROOT_CLASS = YES_ERROR;
				CLANG_WARN_QUOTED_INCLUDE_IN_FRAMEWORK_HEADER = YES;
				CLANG_WARN_RANGE_LOOP_ANALYSIS = YES;
				CLANG_WARN_STRICT_PROTOTYPES = YES;
				CLANG_WARN_SUSPICIOUS_MOVE = YES;
				CLANG_WARN_UNGUARDED_AVAILABILITY = YES_AGGRESSIVE;
				CLANG_WARN_UNREACHABLE_CODE = YES;
				CLANG_WARN__DUPLICATE_METHOD_MATCH = YES;
				COPY_PHASE_STRIP = NO;
				DEBUG_INFORMATION_FORMAT = dwarf;
				ENABLE_STRICT_OBJC_MSGSEND = YES;
				ENABLE_TESTABILITY = YES;
				ENABLE_USER_SCRIPT_SANDBOXING = YES;
				GCC_C_LANGUAGE_STANDARD = gnu17;
				GCC_DYNAMIC_NO_PIC = NO;
				GCC_NO_COMMON_BLOCKS = YES;
				GCC_OPTIMIZATION_LEVEL = 0;
				GCC_PREPROCESSOR_DEFINITIONS = (
					"DEBUG=1",
					"$(inherited)",
				);
				GCC_WARN_64_TO_32_BIT_CONVERSION = YES;
				GCC_WARN_ABOUT_RETURN_TYPE = YES_ERROR;
				GCC_WARN_UNDECLARED_SELECTOR = YES;
				GCC_WARN_UNINITIALIZED_AUTOS = YES_AGGRESSIVE;
				GCC_WARN_UNUSED_FUNCTION = YES;
				GCC_WARN_UNUSED_VARIABLE = YES;
				LOCALIZATION_PREFERS_STRING_CATALOGS = YES;
				MACOSX_DEPLOYMENT_TARGET = 14.2;
				MTL_ENABLE_DEBUG_INFO = INCLUDE_SOURCE;
				MTL_FAST_MATH = YES;
				ONLY_ACTIVE_ARCH = YES;
				SDKROOT = macosx;
				SWIFT_ACTIVE_COMPILATION_CONDITIONS = "DEBUG $(inherited)";
				SWIFT_OPTIMIZATION_LEVEL = "-Onone";
			};
			name = Debug;
		};
		C6CB4DBC2B4860400040C9F9 /* Release */ = {
			isa = XCBuildConfiguration;
			buildSettings = {
				ALWAYS_SEARCH_USER_PATHS = NO;
				ASSETCATALOG_COMPILER_GENERATE_SWIFT_ASSET_SYMBOL_EXTENSIONS = YES;
				CLANG_ANALYZER_NONNULL = YES;
				CLANG_ANALYZER_NUMBER_OBJECT_CONVERSION = YES_AGGRESSIVE;
				CLANG_CXX_LANGUAGE_STANDARD = "gnu++20";
				CLANG_ENABLE_MODULES = YES;
				CLANG_ENABLE_OBJC_ARC = YES;
				CLANG_ENABLE_OBJC_WEAK = YES;
				CLANG_WARN_BLOCK_CAPTURE_AUTORELEASING = YES;
				CLANG_WARN_BOOL_CONVERSION = YES;
				CLANG_WARN_COMMA = YES;
				CLANG_WARN_CONSTANT_CONVERSION = YES;
				CLANG_WARN_DEPRECATED_OBJC_IMPLEMENTATIONS = YES;
				CLANG_WARN_DIRECT_OBJC_ISA_USAGE = YES_ERROR;
				CLANG_WARN_DOCUMENTATION_COMMENTS = YES;
				CLANG_WARN_EMPTY_BODY = YES;
				CLANG_WARN_ENUM_CONVERSION = YES;
				CLANG_WARN_INFINITE_RECURSION = YES;
				CLANG_WARN_INT_CONVERSION = YES;
				CLANG_WARN_NON_LITERAL_NULL_CONVERSION = YES;
				CLANG_WARN_OBJC_IMPLICIT_RETAIN_SELF = YES;
				CLANG_WARN_OBJC_LITERAL_CONVERSION = YES;
				CLANG_WARN_OBJC_ROOT_CLASS = YES_ERROR;
				CLANG_WARN_QUOTED_INCLUDE_IN_FRAMEWORK_HEADER = YES;
				CLANG_WARN_RANGE_LOOP_ANALYSIS = YES;
				CLANG_WARN_STRICT_PROTOTYPES = YES;
				CLANG_WARN_SUSPICIOUS_MOVE = YES;
				CLANG_WARN_UNGUARDED_AVAILABILITY = YES_AGGRESSIVE;
				CLANG_WARN_UNREACHABLE_CODE = YES;
				CLANG_WARN__DUPLICATE_METHOD_MATCH = YES;
				COPY_PHASE_STRIP = NO;
				DEBUG_INFORMATION_FORMAT = "dwarf-with-dsym";
				ENABLE_NS_ASSERTIONS = NO;
				ENABLE_STRICT_OBJC_MSGSEND = YES;
				ENABLE_USER_SCRIPT_SANDBOXING = YES;
				GCC_C_LANGUAGE_STANDARD = gnu17;
				GCC_NO_COMMON_BLOCKS = YES;
				GCC_WARN_64_TO_32_BIT_CONVERSION = YES;
				GCC_WARN_ABOUT_RETURN_TYPE = YES_ERROR;
				GCC_WARN_UNDECLARED_SELECTOR = YES;
				GCC_WARN_UNINITIALIZED_AUTOS = YES_AGGRESSIVE;
				GCC_WARN_UNUSED_FUNCTION = YES;
				GCC_WARN_UNUSED_VARIABLE = YES;
				LOCALIZATION_PREFERS_STRING_CATALOGS = YES;
				MACOSX_DEPLOYMENT_TARGET = 14.2;
				MTL_ENABLE_DEBUG_INFO = NO;
				MTL_FAST_MATH = YES;
				SDKROOT = macosx;
				SWIFT_COMPILATION_MODE = wholemodule;
			};
			name = Release;
		};
		C6CB4DBE2B4860400040C9F9 /* Debug */ = {
			isa = XCBuildConfiguration;
			buildSettings = {
				ASSETCATALOG_COMPILER_APPICON_NAME = AppIcon;
				ASSETCATALOG_COMPILER_GLOBAL_ACCENT_COLOR_NAME = AccentColor;
				ASSETCATALOG_COMPILER_INCLUDE_ALL_APPICON_ASSETS = YES;
				CODE_SIGN_ENTITLEMENTS = Social_Activity/Social_Activity.entitlements;
				"CODE_SIGN_IDENTITY[sdk=macosx*]" = "Apple Development";
				CODE_SIGN_STYLE = Automatic;
				COMBINE_HIDPI_IMAGES = YES;
				CURRENT_PROJECT_VERSION = 1;
				DEVELOPMENT_ASSET_PATHS = "Social_Activity/Preview\\ Content Social_Activity/Fonts/Nunito-Regular.ttf";
				DEVELOPMENT_TEAM = SYV2CK2N9N;
				ENABLE_HARDENED_RUNTIME = YES;
				ENABLE_PREVIEWS = YES;
				GENERATE_INFOPLIST_FILE = YES;
				INFOPLIST_FILE = Social_Activity/Info.plist;
				INFOPLIST_KEY_CFBundleDisplayName = "Social Activity";
				INFOPLIST_KEY_LSApplicationCategoryType = "public.app-category.utilities";
				INFOPLIST_KEY_LSUIElement = YES;
				INFOPLIST_KEY_NSHumanReadableCopyright = "";
				IPHONEOS_DEPLOYMENT_TARGET = 17.6;
				LD_RUNPATH_SEARCH_PATHS = (
					"$(inherited)",
					"@executable_path/../Frameworks",
				);
				MACOSX_DEPLOYMENT_TARGET = 14.6;
				MARKETING_VERSION = 1.0;
				PRODUCT_BUNDLE_IDENTIFIER = com.Archimedes4.SocialActivity;
				PRODUCT_NAME = "$(TARGET_NAME)";
				REGISTER_APP_GROUPS = NO;
				SUPPORTED_PLATFORMS = macosx;
				SUPPORTS_MACCATALYST = NO;
				SWIFT_EMIT_LOC_STRINGS = YES;
				SWIFT_VERSION = 5.0;
			};
			name = Debug;
		};
		C6CB4DBF2B4860400040C9F9 /* Release */ = {
			isa = XCBuildConfiguration;
			buildSettings = {
				ASSETCATALOG_COMPILER_APPICON_NAME = AppIcon;
				ASSETCATALOG_COMPILER_GLOBAL_ACCENT_COLOR_NAME = AccentColor;
				ASSETCATALOG_COMPILER_INCLUDE_ALL_APPICON_ASSETS = YES;
				CODE_SIGN_ENTITLEMENTS = Social_Activity/Social_Activity.entitlements;
				"CODE_SIGN_IDENTITY[sdk=macosx*]" = "Apple Development";
				CODE_SIGN_STYLE = Automatic;
				COMBINE_HIDPI_IMAGES = YES;
				CURRENT_PROJECT_VERSION = 1;
				DEVELOPMENT_ASSET_PATHS = "Social_Activity/Preview\\ Content Social_Activity/Fonts/Nunito-Regular.ttf";
				DEVELOPMENT_TEAM = SYV2CK2N9N;
				ENABLE_HARDENED_RUNTIME = YES;
				ENABLE_PREVIEWS = YES;
				GENERATE_INFOPLIST_FILE = YES;
				INFOPLIST_FILE = Social_Activity/Info.plist;
				INFOPLIST_KEY_CFBundleDisplayName = "Social Activity";
				INFOPLIST_KEY_LSApplicationCategoryType = "public.app-category.utilities";
				INFOPLIST_KEY_LSUIElement = YES;
				INFOPLIST_KEY_NSHumanReadableCopyright = "";
				IPHONEOS_DEPLOYMENT_TARGET = 17.6;
				LD_RUNPATH_SEARCH_PATHS = (
					"$(inherited)",
					"@executable_path/../Frameworks",
				);
				MACOSX_DEPLOYMENT_TARGET = 14.6;
				MARKETING_VERSION = 1.0;
				PRODUCT_BUNDLE_IDENTIFIER = com.Archimedes4.SocialActivity;
				PRODUCT_NAME = "$(TARGET_NAME)";
				REGISTER_APP_GROUPS = NO;
				SUPPORTED_PLATFORMS = macosx;
				SUPPORTS_MACCATALYST = NO;
				SWIFT_EMIT_LOC_STRINGS = YES;
				SWIFT_VERSION = 5.0;
			};
			name = Release;
		};
		C6F9AE842CFBE255001E8608 /* Debug */ = {
			isa = XCBuildConfiguration;
			buildSettings = {
				ASSETCATALOG_COMPILER_APPICON_NAME = AppIcon;
				ASSETCATALOG_COMPILER_GLOBAL_ACCENT_COLOR_NAME = AccentColor;
				CODE_SIGN_STYLE = Automatic;
				CURRENT_PROJECT_VERSION = 1;
				DEVELOPMENT_ASSET_PATHS = "\"Social_Activity.iOS/Preview Content\"";
				DEVELOPMENT_TEAM = SYV2CK2N9N;
				ENABLE_PREVIEWS = YES;
				GENERATE_INFOPLIST_FILE = YES;
				INFOPLIST_KEY_CFBundleDisplayName = "Social Activity";
				INFOPLIST_KEY_UIApplicationSceneManifest_Generation = YES;
				INFOPLIST_KEY_UIApplicationSupportsIndirectInputEvents = YES;
				INFOPLIST_KEY_UILaunchScreen_Generation = YES;
				INFOPLIST_KEY_UILaunchStoryboardName = /iOS/LaunchScreen.storyboard;
				INFOPLIST_KEY_UISupportedInterfaceOrientations_iPad = "UIInterfaceOrientationPortrait UIInterfaceOrientationPortraitUpsideDown UIInterfaceOrientationLandscapeLeft UIInterfaceOrientationLandscapeRight";
				INFOPLIST_KEY_UISupportedInterfaceOrientations_iPhone = "UIInterfaceOrientationPortrait UIInterfaceOrientationLandscapeLeft UIInterfaceOrientationLandscapeRight";
				IPHONEOS_DEPLOYMENT_TARGET = 18.1;
				LD_RUNPATH_SEARCH_PATHS = (
					"$(inherited)",
					"@executable_path/Frameworks",
				);
				MARKETING_VERSION = 1.0;
				PRODUCT_BUNDLE_IDENTIFIER = "Archimedes4.Social-Activity-iOS";
				PRODUCT_NAME = "$(TARGET_NAME)";
				SDKROOT = iphoneos;
				SWIFT_EMIT_LOC_STRINGS = YES;
				SWIFT_VERSION = 5.0;
				TARGETED_DEVICE_FAMILY = "1,2";
			};
			name = Debug;
		};
		C6F9AE852CFBE255001E8608 /* Release */ = {
			isa = XCBuildConfiguration;
			buildSettings = {
				ASSETCATALOG_COMPILER_APPICON_NAME = AppIcon;
				ASSETCATALOG_COMPILER_GLOBAL_ACCENT_COLOR_NAME = AccentColor;
				CODE_SIGN_STYLE = Automatic;
				CURRENT_PROJECT_VERSION = 1;
				DEVELOPMENT_ASSET_PATHS = "\"Social_Activity.iOS/Preview Content\"";
				DEVELOPMENT_TEAM = SYV2CK2N9N;
				ENABLE_PREVIEWS = YES;
				GENERATE_INFOPLIST_FILE = YES;
				INFOPLIST_KEY_CFBundleDisplayName = "Social Activity";
				INFOPLIST_KEY_UIApplicationSceneManifest_Generation = YES;
				INFOPLIST_KEY_UIApplicationSupportsIndirectInputEvents = YES;
				INFOPLIST_KEY_UILaunchScreen_Generation = YES;
				INFOPLIST_KEY_UILaunchStoryboardName = /iOS/LaunchScreen.storyboard;
				INFOPLIST_KEY_UISupportedInterfaceOrientations_iPad = "UIInterfaceOrientationPortrait UIInterfaceOrientationPortraitUpsideDown UIInterfaceOrientationLandscapeLeft UIInterfaceOrientationLandscapeRight";
				INFOPLIST_KEY_UISupportedInterfaceOrientations_iPhone = "UIInterfaceOrientationPortrait UIInterfaceOrientationLandscapeLeft UIInterfaceOrientationLandscapeRight";
				IPHONEOS_DEPLOYMENT_TARGET = 18.1;
				LD_RUNPATH_SEARCH_PATHS = (
					"$(inherited)",
					"@executable_path/Frameworks",
				);
				MARKETING_VERSION = 1.0;
				PRODUCT_BUNDLE_IDENTIFIER = "Archimedes4.Social-Activity-iOS";
				PRODUCT_NAME = "$(TARGET_NAME)";
				SDKROOT = iphoneos;
				SWIFT_EMIT_LOC_STRINGS = YES;
				SWIFT_VERSION = 5.0;
				TARGETED_DEVICE_FAMILY = "1,2";
				VALIDATE_PRODUCT = YES;
			};
			name = Release;
		};
		C6F9AE872CFBE255001E8608 /* Debug */ = {
			isa = XCBuildConfiguration;
			buildSettings = {
				BUNDLE_LOADER = "$(TEST_HOST)";
				CODE_SIGN_STYLE = Automatic;
				CURRENT_PROJECT_VERSION = 1;
				DEVELOPMENT_TEAM = SYV2CK2N9N;
				GENERATE_INFOPLIST_FILE = YES;
				IPHONEOS_DEPLOYMENT_TARGET = 18.1;
				MARKETING_VERSION = 1.0;
				PRODUCT_BUNDLE_IDENTIFIER = "Archimedes4.Social-Activity-iOSTests";
				PRODUCT_NAME = "$(TARGET_NAME)";
				SDKROOT = iphoneos;
				SWIFT_EMIT_LOC_STRINGS = NO;
				SWIFT_VERSION = 5.0;
				TARGETED_DEVICE_FAMILY = "1,2";
				TEST_HOST = "$(BUILT_PRODUCTS_DIR)/Social_Activity.iOS.app/$(BUNDLE_EXECUTABLE_FOLDER_PATH)/Social_Activity.iOS";
			};
			name = Debug;
		};
		C6F9AE882CFBE255001E8608 /* Release */ = {
			isa = XCBuildConfiguration;
			buildSettings = {
				BUNDLE_LOADER = "$(TEST_HOST)";
				CODE_SIGN_STYLE = Automatic;
				CURRENT_PROJECT_VERSION = 1;
				DEVELOPMENT_TEAM = SYV2CK2N9N;
				GENERATE_INFOPLIST_FILE = YES;
				IPHONEOS_DEPLOYMENT_TARGET = 18.1;
				MARKETING_VERSION = 1.0;
				PRODUCT_BUNDLE_IDENTIFIER = "Archimedes4.Social-Activity-iOSTests";
				PRODUCT_NAME = "$(TARGET_NAME)";
				SDKROOT = iphoneos;
				SWIFT_EMIT_LOC_STRINGS = NO;
				SWIFT_VERSION = 5.0;
				TARGETED_DEVICE_FAMILY = "1,2";
				TEST_HOST = "$(BUILT_PRODUCTS_DIR)/Social_Activity.iOS.app/$(BUNDLE_EXECUTABLE_FOLDER_PATH)/Social_Activity.iOS";
				VALIDATE_PRODUCT = YES;
			};
			name = Release;
		};
		C6F9AE8A2CFBE255001E8608 /* Debug */ = {
			isa = XCBuildConfiguration;
			buildSettings = {
				CODE_SIGN_STYLE = Automatic;
				CURRENT_PROJECT_VERSION = 1;
				DEVELOPMENT_TEAM = SYV2CK2N9N;
				GENERATE_INFOPLIST_FILE = YES;
				IPHONEOS_DEPLOYMENT_TARGET = 18.1;
				MARKETING_VERSION = 1.0;
				PRODUCT_BUNDLE_IDENTIFIER = "Archimedes4.Social-Activity-iOSUITests";
				PRODUCT_NAME = "$(TARGET_NAME)";
				SDKROOT = iphoneos;
				SWIFT_EMIT_LOC_STRINGS = NO;
				SWIFT_VERSION = 5.0;
				TARGETED_DEVICE_FAMILY = "1,2";
				TEST_TARGET_NAME = Social_Activity.iOS;
			};
			name = Debug;
		};
		C6F9AE8B2CFBE255001E8608 /* Release */ = {
			isa = XCBuildConfiguration;
			buildSettings = {
				CODE_SIGN_STYLE = Automatic;
				CURRENT_PROJECT_VERSION = 1;
				DEVELOPMENT_TEAM = SYV2CK2N9N;
				GENERATE_INFOPLIST_FILE = YES;
				IPHONEOS_DEPLOYMENT_TARGET = 18.1;
				MARKETING_VERSION = 1.0;
				PRODUCT_BUNDLE_IDENTIFIER = "Archimedes4.Social-Activity-iOSUITests";
				PRODUCT_NAME = "$(TARGET_NAME)";
				SDKROOT = iphoneos;
				SWIFT_EMIT_LOC_STRINGS = NO;
				SWIFT_VERSION = 5.0;
				TARGETED_DEVICE_FAMILY = "1,2";
				TEST_TARGET_NAME = Social_Activity.iOS;
				VALIDATE_PRODUCT = YES;
			};
			name = Release;
		};
		C6F9AEC72CFC370F001E8608 /* Debug */ = {
			isa = XCBuildConfiguration;
			buildSettings = {
				ASSETCATALOG_COMPILER_GLOBAL_ACCENT_COLOR_NAME = AccentColor;
				ASSETCATALOG_COMPILER_WIDGET_BACKGROUND_COLOR_NAME = WidgetBackground;
				CODE_SIGN_STYLE = Automatic;
				CURRENT_PROJECT_VERSION = 1;
				DEVELOPMENT_TEAM = SYV2CK2N9N;
				GENERATE_INFOPLIST_FILE = YES;
				INFOPLIST_FILE = Widgets/Info.plist;
				INFOPLIST_KEY_CFBundleDisplayName = Widgets;
				INFOPLIST_KEY_NSHumanReadableCopyright = "";
				IPHONEOS_DEPLOYMENT_TARGET = 18.1;
				LD_RUNPATH_SEARCH_PATHS = (
					"$(inherited)",
					"@executable_path/Frameworks",
					"@executable_path/../../Frameworks",
				);
				MARKETING_VERSION = 1.0;
				PRODUCT_BUNDLE_IDENTIFIER = "Archimedes4.Social-Activity-iOS.Widgets";
				PRODUCT_NAME = "$(TARGET_NAME)";
				SDKROOT = iphoneos;
				SKIP_INSTALL = YES;
				SWIFT_EMIT_LOC_STRINGS = YES;
				SWIFT_VERSION = 5.0;
				TARGETED_DEVICE_FAMILY = "1,2";
			};
			name = Debug;
		};
		C6F9AEC82CFC370F001E8608 /* Release */ = {
			isa = XCBuildConfiguration;
			buildSettings = {
				ASSETCATALOG_COMPILER_GLOBAL_ACCENT_COLOR_NAME = AccentColor;
				ASSETCATALOG_COMPILER_WIDGET_BACKGROUND_COLOR_NAME = WidgetBackground;
				CODE_SIGN_STYLE = Automatic;
				CURRENT_PROJECT_VERSION = 1;
				DEVELOPMENT_TEAM = SYV2CK2N9N;
				GENERATE_INFOPLIST_FILE = YES;
				INFOPLIST_FILE = Widgets/Info.plist;
				INFOPLIST_KEY_CFBundleDisplayName = Widgets;
				INFOPLIST_KEY_NSHumanReadableCopyright = "";
				IPHONEOS_DEPLOYMENT_TARGET = 18.1;
				LD_RUNPATH_SEARCH_PATHS = (
					"$(inherited)",
					"@executable_path/Frameworks",
					"@executable_path/../../Frameworks",
				);
				MARKETING_VERSION = 1.0;
				PRODUCT_BUNDLE_IDENTIFIER = "Archimedes4.Social-Activity-iOS.Widgets";
				PRODUCT_NAME = "$(TARGET_NAME)";
				SDKROOT = iphoneos;
				SKIP_INSTALL = YES;
				SWIFT_EMIT_LOC_STRINGS = YES;
				SWIFT_VERSION = 5.0;
				TARGETED_DEVICE_FAMILY = "1,2";
				VALIDATE_PRODUCT = YES;
			};
			name = Release;
		};
/* End XCBuildConfiguration section */

/* Begin XCConfigurationList section */
		C6CB4DA92B48603E0040C9F9 /* Build configuration list for PBXProject "Social_Activity" */ = {
			isa = XCConfigurationList;
			buildConfigurations = (
				C6CB4DBB2B4860400040C9F9 /* Debug */,
				C6CB4DBC2B4860400040C9F9 /* Release */,
			);
			defaultConfigurationIsVisible = 0;
			defaultConfigurationName = Release;
		};
		C6CB4DBD2B4860400040C9F9 /* Build configuration list for PBXNativeTarget "Social_Activity" */ = {
			isa = XCConfigurationList;
			buildConfigurations = (
				C6CB4DBE2B4860400040C9F9 /* Debug */,
				C6CB4DBF2B4860400040C9F9 /* Release */,
			);
			defaultConfigurationIsVisible = 0;
			defaultConfigurationName = Release;
		};
		C6F9AE832CFBE255001E8608 /* Build configuration list for PBXNativeTarget "Social_Activity.iOS" */ = {
			isa = XCConfigurationList;
			buildConfigurations = (
				C6F9AE842CFBE255001E8608 /* Debug */,
				C6F9AE852CFBE255001E8608 /* Release */,
			);
			defaultConfigurationIsVisible = 0;
			defaultConfigurationName = Release;
		};
		C6F9AE862CFBE255001E8608 /* Build configuration list for PBXNativeTarget "Social_Activity.iOSTests" */ = {
			isa = XCConfigurationList;
			buildConfigurations = (
				C6F9AE872CFBE255001E8608 /* Debug */,
				C6F9AE882CFBE255001E8608 /* Release */,
			);
			defaultConfigurationIsVisible = 0;
			defaultConfigurationName = Release;
		};
		C6F9AE892CFBE255001E8608 /* Build configuration list for PBXNativeTarget "Social_Activity.iOSUITests" */ = {
			isa = XCConfigurationList;
			buildConfigurations = (
				C6F9AE8A2CFBE255001E8608 /* Debug */,
				C6F9AE8B2CFBE255001E8608 /* Release */,
			);
			defaultConfigurationIsVisible = 0;
			defaultConfigurationName = Release;
		};
		C6F9AEC62CFC370F001E8608 /* Build configuration list for PBXNativeTarget "WidgetsExtension" */ = {
			isa = XCConfigurationList;
			buildConfigurations = (
				C6F9AEC72CFC370F001E8608 /* Debug */,
				C6F9AEC82CFC370F001E8608 /* Release */,
			);
			defaultConfigurationIsVisible = 0;
			defaultConfigurationName = Release;
		};
/* End XCConfigurationList section */

/* Begin XCRemoteSwiftPackageReference section */
		C61CF8D72CF026F9001A93C5 /* XCRemoteSwiftPackageReference "firebase-ios-sdk" */ = {
			isa = XCRemoteSwiftPackageReference;
			repositoryURL = "https://github.com/firebase/firebase-ios-sdk";
			requirement = {
				kind = upToNextMajorVersion;
				minimumVersion = 11.5.0;
			};
		};
		C6F9AFAB2CFE1DCB001E8608 /* XCRemoteSwiftPackageReference "firebase-ios-sdk" */ = {
			isa = XCRemoteSwiftPackageReference;
			repositoryURL = "https://github.com/firebase/firebase-ios-sdk";
			requirement = {
				kind = upToNextMajorVersion;
				minimumVersion = 11.5.0;
			};
		};
/* End XCRemoteSwiftPackageReference section */

/* Begin XCSwiftPackageProductDependency section */
		C61CF8D82CF026F9001A93C5 /* FirebaseAuth */ = {
			isa = XCSwiftPackageProductDependency;
			package = C61CF8D72CF026F9001A93C5 /* XCRemoteSwiftPackageReference "firebase-ios-sdk" */;
			productName = FirebaseAuth;
		};
		C61CF8DA2CF026F9001A93C5 /* FirebaseFirestore */ = {
			isa = XCSwiftPackageProductDependency;
			package = C61CF8D72CF026F9001A93C5 /* XCRemoteSwiftPackageReference "firebase-ios-sdk" */;
			productName = FirebaseFirestore;
		};
		C6F9AFA72CFE1CE8001E8608 /* FirebaseCore */ = {
			isa = XCSwiftPackageProductDependency;
			package = C61CF8D72CF026F9001A93C5 /* XCRemoteSwiftPackageReference "firebase-ios-sdk" */;
			productName = FirebaseCore;
		};
		C6F9AFAC2CFE1DCB001E8608 /* FirebaseAuth */ = {
			isa = XCSwiftPackageProductDependency;
			package = C6F9AFAB2CFE1DCB001E8608 /* XCRemoteSwiftPackageReference "firebase-ios-sdk" */;
			productName = FirebaseAuth;
		};
		C6F9AFAE2CFE1DCB001E8608 /* FirebaseFirestore */ = {
			isa = XCSwiftPackageProductDependency;
			package = C6F9AFAB2CFE1DCB001E8608 /* XCRemoteSwiftPackageReference "firebase-ios-sdk" */;
			productName = FirebaseFirestore;
		};
		C6F9AFB02CFE1DDB001E8608 /* FirebaseAuth */ = {
			isa = XCSwiftPackageProductDependency;
			package = C6F9AFAB2CFE1DCB001E8608 /* XCRemoteSwiftPackageReference "firebase-ios-sdk" */;
			productName = FirebaseAuth;
		};
		C6F9AFB22CFE1DDB001E8608 /* FirebaseCore */ = {
			isa = XCSwiftPackageProductDependency;
			package = C6F9AFAB2CFE1DCB001E8608 /* XCRemoteSwiftPackageReference "firebase-ios-sdk" */;
			productName = FirebaseCore;
		};
		C6F9AFB42CFE1DDB001E8608 /* FirebaseFirestore */ = {
			isa = XCSwiftPackageProductDependency;
			package = C6F9AFAB2CFE1DCB001E8608 /* XCRemoteSwiftPackageReference "firebase-ios-sdk" */;
			productName = FirebaseFirestore;
		};
		C6F9AFB62CFE1DF0001E8608 /* FirebaseAuth */ = {
			isa = XCSwiftPackageProductDependency;
			package = C6F9AFAB2CFE1DCB001E8608 /* XCRemoteSwiftPackageReference "firebase-ios-sdk" */;
			productName = FirebaseAuth;
		};
		C6F9AFB82CFE1DF0001E8608 /* FirebaseCore */ = {
			isa = XCSwiftPackageProductDependency;
			package = C6F9AFAB2CFE1DCB001E8608 /* XCRemoteSwiftPackageReference "firebase-ios-sdk" */;
			productName = FirebaseCore;
		};
		C6F9AFBA2CFE1DF0001E8608 /* FirebaseFirestore */ = {
			isa = XCSwiftPackageProductDependency;
			package = C6F9AFAB2CFE1DCB001E8608 /* XCRemoteSwiftPackageReference "firebase-ios-sdk" */;
			productName = FirebaseFirestore;
		};
/* End XCSwiftPackageProductDependency section */
	};
	rootObject = C6CB4DA62B48603E0040C9F9 /* Project object */;
}
