// !$*UTF8*$!
{
	archiveVersion = 1;
	classes = {
	};
	objectVersion = 70;
	objects = {

/* Begin PBXBuildFile section */
		C61CF8D92CF026F9001A93C5 /* FirebaseAuth in Frameworks */ = {isa = PBXBuildFile; productRef = C61CF8D82CF026F9001A93C5 /* FirebaseAuth */; };
		C61CF8DB2CF026F9001A93C5 /* FirebaseFirestore in Frameworks */ = {isa = PBXBuildFile; productRef = C61CF8DA2CF026F9001A93C5 /* FirebaseFirestore */; };
		C67919752D055A63003140BD /* WidgetKit.framework in Frameworks */ = {isa = PBXBuildFile; fileRef = C6F9AEB52CFC370E001E8608 /* WidgetKit.framework */; };
		C67919762D055A63003140BD /* SwiftUI.framework in Frameworks */ = {isa = PBXBuildFile; fileRef = C6F9AEB72CFC370E001E8608 /* SwiftUI.framework */; };
		C67919992D055B2E003140BD /* FirebaseAuth in Frameworks */ = {isa = PBXBuildFile; productRef = C67919982D055B2E003140BD /* FirebaseAuth */; };
		C679199B2D055B2E003140BD /* FirebaseCore in Frameworks */ = {isa = PBXBuildFile; productRef = C679199A2D055B2E003140BD /* FirebaseCore */; };
		C679199D2D055B2E003140BD /* FirebaseFirestore in Frameworks */ = {isa = PBXBuildFile; productRef = C679199C2D055B2E003140BD /* FirebaseFirestore */; };
		C68D452A2D4309870036D29A /* Authentication.swift in Sources */ = {isa = PBXBuildFile; fileRef = C68D451B2D4309870036D29A /* Authentication.swift */; };
		C68D452B2D4309870036D29A /* Controller.swift in Sources */ = {isa = PBXBuildFile; fileRef = C68D451C2D4309870036D29A /* Controller.swift */; };
		C68D452C2D4309870036D29A /* EmojiPicker.swift in Sources */ = {isa = PBXBuildFile; fileRef = C68D451D2D4309870036D29A /* EmojiPicker.swift */; };
		C68D452D2D4309870036D29A /* Firestore.swift in Sources */ = {isa = PBXBuildFile; fileRef = C68D451E2D4309870036D29A /* Firestore.swift */; };
		C68D452E2D4309870036D29A /* GitHubConnection.swift in Sources */ = {isa = PBXBuildFile; fileRef = C68D451F2D4309870036D29A /* GitHubConnection.swift */; };
		C68D452F2D4309870036D29A /* HomeList.swift in Sources */ = {isa = PBXBuildFile; fileRef = C68D45202D4309870036D29A /* HomeList.swift */; };
		C68D45302D4309870036D29A /* HomeView.swift in Sources */ = {isa = PBXBuildFile; fileRef = C68D45212D4309870036D29A /* HomeView.swift */; };
		C68D45312D4309870036D29A /* Keychain.swift in Sources */ = {isa = PBXBuildFile; fileRef = C68D45222D4309870036D29A /* Keychain.swift */; };
		C68D45322D4309870036D29A /* LoginView.swift in Sources */ = {isa = PBXBuildFile; fileRef = C68D45232D4309870036D29A /* LoginView.swift */; };
		C68D45332D4309870036D29A /* PasswordView.swift in Sources */ = {isa = PBXBuildFile; fileRef = C68D45252D4309870036D29A /* PasswordView.swift */; };
		C68D45342D4309870036D29A /* ProfileView.swift in Sources */ = {isa = PBXBuildFile; fileRef = C68D45262D4309870036D29A /* ProfileView.swift */; };
		C68D45352D4309870036D29A /* SettingsView.swift in Sources */ = {isa = PBXBuildFile; fileRef = C68D45272D4309870036D29A /* SettingsView.swift */; };
		C68D45362D4309870036D29A /* StatusItem.swift in Sources */ = {isa = PBXBuildFile; fileRef = C68D45282D4309870036D29A /* StatusItem.swift */; };
		C68D45372D4309870036D29A /* Types.swift in Sources */ = {isa = PBXBuildFile; fileRef = C68D45292D4309870036D29A /* Types.swift */; };
		C68D45382D4309870036D29A /* Nunito-Regular.ttf in Resources */ = {isa = PBXBuildFile; fileRef = C68D45242D4309870036D29A /* Nunito-Regular.ttf */; };
		C68D45482D4309870036D29A /* Types.swift in Sources */ = {isa = PBXBuildFile; fileRef = C68D45292D4309870036D29A /* Types.swift */; };
		C68D454B2D46D9B90036D29A /* SwiftUI.framework in Frameworks */ = {isa = PBXBuildFile; fileRef = C68D454A2D46D9B90036D29A /* SwiftUI.framework */; };
		C68D45512D46FF680036D29A /* LaunchScreen.storyboard in Resources */ = {isa = PBXBuildFile; fileRef = C68D44F52D4309870036D29A /* LaunchScreen.storyboard */; platformFilter = ios; };
		C68D45532D473A7A0036D29A /* NotificationFunctions.swift in Sources */ = {isa = PBXBuildFile; fileRef = C68D45522D473A7A0036D29A /* NotificationFunctions.swift */; };
		C68D45552D4744B90036D29A /* FirebaseMessaging in Frameworks */ = {isa = PBXBuildFile; productRef = C68D45542D4744B90036D29A /* FirebaseMessaging */; };
		C68D45572D4806F40036D29A /* GoogleService-Info.plist in Resources */ = {isa = PBXBuildFile; fileRef = C68D45562D4806F40036D29A /* GoogleService-Info.plist */; };
		C6CB4DB92B4860400040C9F9 /* Preview Assets.xcassets in Resources */ = {isa = PBXBuildFile; fileRef = C6CB4DB82B4860400040C9F9 /* Preview Assets.xcassets */; };
		C6DEE5C42B4A1C07004B1552 /* Security.framework in Frameworks */ = {isa = PBXBuildFile; fileRef = C6DEE5C32B4A1C07004B1552 /* Security.framework */; };
		C6F9AF472CFD1DFA001E8608 /* ArchGithHubStatusApp.swift in Sources */ = {isa = PBXBuildFile; fileRef = C6F9AF402CFD1DFA001E8608 /* ArchGithHubStatusApp.swift */; };
		C6F9AF6C2CFD1DFA001E8608 /* Assets.xcassets in Resources */ = {isa = PBXBuildFile; fileRef = C6F9AF5B2CFD1DFA001E8608 /* Assets.xcassets */; };
		C6F9AFA82CFE1CE8001E8608 /* FirebaseCore in Frameworks */ = {isa = PBXBuildFile; productRef = C6F9AFA72CFE1CE8001E8608 /* FirebaseCore */; };
		C6F9AFAD2CFE1DCB001E8608 /* FirebaseAuth in Frameworks */ = {isa = PBXBuildFile; productRef = C6F9AFAC2CFE1DCB001E8608 /* FirebaseAuth */; };
		C6F9AFAF2CFE1DCB001E8608 /* FirebaseFirestore in Frameworks */ = {isa = PBXBuildFile; productRef = C6F9AFAE2CFE1DCB001E8608 /* FirebaseFirestore */; };
/* End PBXBuildFile section */

/* Begin PBXFileReference section */
		C67919742D055A63003140BD /* WidgetsExtension.appex */ = {isa = PBXFileReference; explicitFileType = "wrapper.app-extension"; includeInIndex = 0; path = WidgetsExtension.appex; sourceTree = BUILT_PRODUCTS_DIR; };
		C68D44F52D4309870036D29A /* LaunchScreen.storyboard */ = {isa = PBXFileReference; lastKnownFileType = file.storyboard; path = LaunchScreen.storyboard; sourceTree = "<group>"; };
		C68D451B2D4309870036D29A /* Authentication.swift */ = {isa = PBXFileReference; lastKnownFileType = sourcecode.swift; path = Authentication.swift; sourceTree = "<group>"; };
		C68D451C2D4309870036D29A /* Controller.swift */ = {isa = PBXFileReference; lastKnownFileType = sourcecode.swift; path = Controller.swift; sourceTree = "<group>"; };
		C68D451D2D4309870036D29A /* EmojiPicker.swift */ = {isa = PBXFileReference; lastKnownFileType = sourcecode.swift; path = EmojiPicker.swift; sourceTree = "<group>"; };
		C68D451E2D4309870036D29A /* Firestore.swift */ = {isa = PBXFileReference; lastKnownFileType = sourcecode.swift; path = Firestore.swift; sourceTree = "<group>"; };
		C68D451F2D4309870036D29A /* GitHubConnection.swift */ = {isa = PBXFileReference; lastKnownFileType = sourcecode.swift; path = GitHubConnection.swift; sourceTree = "<group>"; };
		C68D45202D4309870036D29A /* HomeList.swift */ = {isa = PBXFileReference; lastKnownFileType = sourcecode.swift; path = HomeList.swift; sourceTree = "<group>"; };
		C68D45212D4309870036D29A /* HomeView.swift */ = {isa = PBXFileReference; lastKnownFileType = sourcecode.swift; path = HomeView.swift; sourceTree = "<group>"; };
		C68D45222D4309870036D29A /* Keychain.swift */ = {isa = PBXFileReference; lastKnownFileType = sourcecode.swift; path = Keychain.swift; sourceTree = "<group>"; };
		C68D45232D4309870036D29A /* LoginView.swift */ = {isa = PBXFileReference; lastKnownFileType = sourcecode.swift; path = LoginView.swift; sourceTree = "<group>"; };
		C68D45242D4309870036D29A /* Nunito-Regular.ttf */ = {isa = PBXFileReference; lastKnownFileType = file; path = "Nunito-Regular.ttf"; sourceTree = "<group>"; };
		C68D45252D4309870036D29A /* PasswordView.swift */ = {isa = PBXFileReference; lastKnownFileType = sourcecode.swift; path = PasswordView.swift; sourceTree = "<group>"; };
		C68D45262D4309870036D29A /* ProfileView.swift */ = {isa = PBXFileReference; lastKnownFileType = sourcecode.swift; path = ProfileView.swift; sourceTree = "<group>"; };
		C68D45272D4309870036D29A /* SettingsView.swift */ = {isa = PBXFileReference; lastKnownFileType = sourcecode.swift; path = SettingsView.swift; sourceTree = "<group>"; };
		C68D45282D4309870036D29A /* StatusItem.swift */ = {isa = PBXFileReference; lastKnownFileType = sourcecode.swift; path = StatusItem.swift; sourceTree = "<group>"; };
		C68D45292D4309870036D29A /* Types.swift */ = {isa = PBXFileReference; lastKnownFileType = sourcecode.swift; path = Types.swift; sourceTree = "<group>"; };
		C68D454A2D46D9B90036D29A /* SwiftUI.framework */ = {isa = PBXFileReference; lastKnownFileType = wrapper.framework; name = SwiftUI.framework; path = Platforms/iPhoneOS.platform/Developer/SDKs/iPhoneOS18.2.sdk/System/Library/Frameworks/SwiftUI.framework; sourceTree = DEVELOPER_DIR; };
		C68D454E2D46E5EB0036D29A /* Info-iOS.plist */ = {isa = PBXFileReference; lastKnownFileType = text.plist.xml; path = "Info-iOS.plist"; sourceTree = "<group>"; };
		C68D454F2D46E5F30036D29A /* Info-macOS.plist */ = {isa = PBXFileReference; lastKnownFileType = text.plist.xml; path = "Info-macOS.plist"; sourceTree = "<group>"; };
		C68D45522D473A7A0036D29A /* NotificationFunctions.swift */ = {isa = PBXFileReference; lastKnownFileType = sourcecode.swift; path = NotificationFunctions.swift; sourceTree = "<group>"; };
		C68D45562D4806F40036D29A /* GoogleService-Info.plist */ = {isa = PBXFileReference; lastKnownFileType = text.plist.xml; path = "GoogleService-Info.plist"; sourceTree = "<group>"; };
		C6CB4DAE2B48603E0040C9F9 /* Social_Activity.app */ = {isa = PBXFileReference; explicitFileType = wrapper.application; includeInIndex = 0; path = Social_Activity.app; sourceTree = BUILT_PRODUCTS_DIR; };
		C6CB4DB82B4860400040C9F9 /* Preview Assets.xcassets */ = {isa = PBXFileReference; lastKnownFileType = folder.assetcatalog; path = "Preview Assets.xcassets"; sourceTree = "<group>"; };
		C6DEE5C32B4A1C07004B1552 /* Security.framework */ = {isa = PBXFileReference; lastKnownFileType = wrapper.framework; name = Security.framework; path = System/Library/Frameworks/Security.framework; sourceTree = SDKROOT; };
		C6F9AEB52CFC370E001E8608 /* WidgetKit.framework */ = {isa = PBXFileReference; lastKnownFileType = wrapper.framework; name = WidgetKit.framework; path = System/Library/Frameworks/WidgetKit.framework; sourceTree = SDKROOT; };
		C6F9AEB72CFC370E001E8608 /* SwiftUI.framework */ = {isa = PBXFileReference; lastKnownFileType = wrapper.framework; name = SwiftUI.framework; path = System/Library/Frameworks/SwiftUI.framework; sourceTree = SDKROOT; };
		C6F9AF402CFD1DFA001E8608 /* ArchGithHubStatusApp.swift */ = {isa = PBXFileReference; lastKnownFileType = sourcecode.swift; path = ArchGithHubStatusApp.swift; sourceTree = "<group>"; };
		C6F9AF5B2CFD1DFA001E8608 /* Assets.xcassets */ = {isa = PBXFileReference; lastKnownFileType = folder.assetcatalog; path = Assets.xcassets; sourceTree = "<group>"; };
/* End PBXFileReference section */

/* Begin PBXFileSystemSynchronizedBuildFileExceptionSet section */
		C67919822D055A64003140BD /* PBXFileSystemSynchronizedBuildFileExceptionSet */ = {
			isa = PBXFileSystemSynchronizedBuildFileExceptionSet;
			membershipExceptions = (
				Info.plist,
			);
			target = C67919732D055A63003140BD /* WidgetsExtension */;
		};
/* End PBXFileSystemSynchronizedBuildFileExceptionSet section */

/* Begin PBXFileSystemSynchronizedRootGroup section */
		C67919772D055A63003140BD /* Widgets */ = {isa = PBXFileSystemSynchronizedRootGroup; exceptions = (C67919822D055A64003140BD /* PBXFileSystemSynchronizedBuildFileExceptionSet */, ); explicitFileTypes = {}; explicitFolders = (); path = Widgets; sourceTree = "<group>"; };
		C6F9B12A2D016AD8001E8608 /* MenuBar */ = {isa = PBXFileSystemSynchronizedRootGroup; explicitFileTypes = {}; explicitFolders = (); path = MenuBar; sourceTree = "<group>"; };
/* End PBXFileSystemSynchronizedRootGroup section */

/* Begin PBXFrameworksBuildPhase section */
		C67919712D055A63003140BD /* Frameworks */ = {
			isa = PBXFrameworksBuildPhase;
			buildActionMask = 2147483647;
			files = (
				C67919762D055A63003140BD /* SwiftUI.framework in Frameworks */,
				C67919992D055B2E003140BD /* FirebaseAuth in Frameworks */,
				C679199B2D055B2E003140BD /* FirebaseCore in Frameworks */,
				C679199D2D055B2E003140BD /* FirebaseFirestore in Frameworks */,
				C67919752D055A63003140BD /* WidgetKit.framework in Frameworks */,
			);
			runOnlyForDeploymentPostprocessing = 0;
		};
		C6CB4DAB2B48603E0040C9F9 /* Frameworks */ = {
			isa = PBXFrameworksBuildPhase;
			buildActionMask = 2147483647;
			files = (
				C68D45552D4744B90036D29A /* FirebaseMessaging in Frameworks */,
				C6DEE5C42B4A1C07004B1552 /* Security.framework in Frameworks */,
				C6F9AFAD2CFE1DCB001E8608 /* FirebaseAuth in Frameworks */,
				C61CF8D92CF026F9001A93C5 /* FirebaseAuth in Frameworks */,
				C68D454B2D46D9B90036D29A /* SwiftUI.framework in Frameworks */,
				C6F9AFA82CFE1CE8001E8608 /* FirebaseCore in Frameworks */,
				C61CF8DB2CF026F9001A93C5 /* FirebaseFirestore in Frameworks */,
				C6F9AFAF2CFE1DCB001E8608 /* FirebaseFirestore in Frameworks */,
			);
			runOnlyForDeploymentPostprocessing = 0;
		};
/* End PBXFrameworksBuildPhase section */

/* Begin PBXGroup section */
		C6CB4DA52B48603E0040C9F9 = {
			isa = PBXGroup;
			children = (
				C6CB4DB02B48603E0040C9F9 /* Social_Activity */,
				C67919772D055A63003140BD /* Widgets */,
				C6CB4DAF2B48603E0040C9F9 /* Products */,
				C6DEE5C22B4A1C07004B1552 /* Frameworks */,
			);
			sourceTree = "<group>";
		};
		C6CB4DAF2B48603E0040C9F9 /* Products */ = {
			isa = PBXGroup;
			children = (
				C6CB4DAE2B48603E0040C9F9 /* Social_Activity.app */,
				C67919742D055A63003140BD /* WidgetsExtension.appex */,
			);
			name = Products;
			sourceTree = "<group>";
		};
		C6CB4DB02B48603E0040C9F9 /* Social_Activity */ = {
			isa = PBXGroup;
			children = (
				C68D454E2D46E5EB0036D29A /* Info-iOS.plist */,
				C68D454F2D46E5F30036D29A /* Info-macOS.plist */,
				C68D44F52D4309870036D29A /* LaunchScreen.storyboard */,
				C68D451B2D4309870036D29A /* Authentication.swift */,
				C68D451C2D4309870036D29A /* Controller.swift */,
				C68D451D2D4309870036D29A /* EmojiPicker.swift */,
				C68D45562D4806F40036D29A /* GoogleService-Info.plist */,
				C68D451E2D4309870036D29A /* Firestore.swift */,
				C68D451F2D4309870036D29A /* GitHubConnection.swift */,
				C68D45202D4309870036D29A /* HomeList.swift */,
				C68D45212D4309870036D29A /* HomeView.swift */,
				C68D45222D4309870036D29A /* Keychain.swift */,
				C68D45232D4309870036D29A /* LoginView.swift */,
				C68D45242D4309870036D29A /* Nunito-Regular.ttf */,
				C68D45252D4309870036D29A /* PasswordView.swift */,
				C68D45262D4309870036D29A /* ProfileView.swift */,
				C68D45272D4309870036D29A /* SettingsView.swift */,
				C68D45282D4309870036D29A /* StatusItem.swift */,
				C68D45292D4309870036D29A /* Types.swift */,
				C68D45522D473A7A0036D29A /* NotificationFunctions.swift */,
				C6CB4DB72B4860400040C9F9 /* Preview Content */,
				C6F9AF402CFD1DFA001E8608 /* ArchGithHubStatusApp.swift */,
				C6F9AF5B2CFD1DFA001E8608 /* Assets.xcassets */,
				C6F9B12A2D016AD8001E8608 /* MenuBar */,
			);
			path = Social_Activity;
			sourceTree = "<group>";
		};
		C6CB4DB72B4860400040C9F9 /* Preview Content */ = {
			isa = PBXGroup;
			children = (
				C6CB4DB82B4860400040C9F9 /* Preview Assets.xcassets */,
			);
			path = "Preview Content";
			sourceTree = "<group>";
		};
		C6DEE5C22B4A1C07004B1552 /* Frameworks */ = {
			isa = PBXGroup;
			children = (
				C68D454A2D46D9B90036D29A /* SwiftUI.framework */,
				C6DEE5C32B4A1C07004B1552 /* Security.framework */,
				C6F9AEB52CFC370E001E8608 /* WidgetKit.framework */,
				C6F9AEB72CFC370E001E8608 /* SwiftUI.framework */,
			);
			name = Frameworks;
			sourceTree = "<group>";
		};
/* End PBXGroup section */

/* Begin PBXNativeTarget section */
		C67919732D055A63003140BD /* WidgetsExtension */ = {
			isa = PBXNativeTarget;
			buildConfigurationList = C67919832D055A64003140BD /* Build configuration list for PBXNativeTarget "WidgetsExtension" */;
			buildPhases = (
				C67919702D055A63003140BD /* Sources */,
				C67919712D055A63003140BD /* Frameworks */,
				C67919722D055A63003140BD /* Resources */,
			);
			buildRules = (
			);
			dependencies = (
			);
			fileSystemSynchronizedGroups = (
				C67919772D055A63003140BD /* Widgets */,
			);
			name = WidgetsExtension;
			packageProductDependencies = (
				C67919982D055B2E003140BD /* FirebaseAuth */,
				C679199A2D055B2E003140BD /* FirebaseCore */,
				C679199C2D055B2E003140BD /* FirebaseFirestore */,
			);
			productName = WidgetsExtension;
			productReference = C67919742D055A63003140BD /* WidgetsExtension.appex */;
			productType = "com.apple.product-type.app-extension";
		};
		C6CB4DAD2B48603E0040C9F9 /* Social_Activity */ = {
			isa = PBXNativeTarget;
			buildConfigurationList = C6CB4DBD2B4860400040C9F9 /* Build configuration list for PBXNativeTarget "Social_Activity" */;
			buildPhases = (
				C68D45502D46EB710036D29A /* ShellScript */,
				C6CB4DAA2B48603E0040C9F9 /* Sources */,
				C6CB4DAB2B48603E0040C9F9 /* Frameworks */,
				C6CB4DAC2B48603E0040C9F9 /* Resources */,
			);
			buildRules = (
			);
			dependencies = (
			);
			fileSystemSynchronizedGroups = (
				C6F9B12A2D016AD8001E8608 /* MenuBar */,
			);
			name = Social_Activity;
			productName = ArchGithHubStatus;
			productReference = C6CB4DAE2B48603E0040C9F9 /* Social_Activity.app */;
			productType = "com.apple.product-type.application";
		};
/* End PBXNativeTarget section */

/* Begin PBXProject section */
		C6CB4DA62B48603E0040C9F9 /* Project object */ = {
			isa = PBXProject;
			attributes = {
				BuildIndependentTargetsInParallel = 1;
				LastSwiftUpdateCheck = 1610;
				LastUpgradeCheck = 1610;
				TargetAttributes = {
					C67919732D055A63003140BD = {
						CreatedOnToolsVersion = 16.1;
					};
					C6CB4DAD2B48603E0040C9F9 = {
						CreatedOnToolsVersion = 15.1;
					};
				};
			};
			buildConfigurationList = C6CB4DA92B48603E0040C9F9 /* Build configuration list for PBXProject "Social_Activity" */;
			compatibilityVersion = "Xcode 14.0";
			developmentRegion = en;
			hasScannedForEncodings = 0;
			knownRegions = (
				en,
				Base,
			);
			mainGroup = C6CB4DA52B48603E0040C9F9;
			packageReferences = (
				C6F9AFAB2CFE1DCB001E8608 /* XCRemoteSwiftPackageReference "firebase-ios-sdk" */,
			);
			productRefGroup = C6CB4DAF2B48603E0040C9F9 /* Products */;
			projectDirPath = "";
			projectRoot = "";
			targets = (
				C6CB4DAD2B48603E0040C9F9 /* Social_Activity */,
				C67919732D055A63003140BD /* WidgetsExtension */,
			);
		};
/* End PBXProject section */

/* Begin PBXResourcesBuildPhase section */
		C67919722D055A63003140BD /* Resources */ = {
			isa = PBXResourcesBuildPhase;
			buildActionMask = 2147483647;
			files = (
			);
			runOnlyForDeploymentPostprocessing = 0;
		};
		C6CB4DAC2B48603E0040C9F9 /* Resources */ = {
			isa = PBXResourcesBuildPhase;
			buildActionMask = 2147483647;
			files = (
				C68D45512D46FF680036D29A /* LaunchScreen.storyboard in Resources */,
				C6CB4DB92B4860400040C9F9 /* Preview Assets.xcassets in Resources */,
				C68D45572D4806F40036D29A /* GoogleService-Info.plist in Resources */,
				C68D45382D4309870036D29A /* Nunito-Regular.ttf in Resources */,
				C6F9AF6C2CFD1DFA001E8608 /* Assets.xcassets in Resources */,
			);
			runOnlyForDeploymentPostprocessing = 0;
		};
/* End PBXResourcesBuildPhase section */

/* Begin PBXShellScriptBuildPhase section */
		C68D45502D46EB710036D29A /* ShellScript */ = {
			isa = PBXShellScriptBuildPhase;
			buildActionMask = 2147483647;
			files = (
			);
			inputFileListPaths = (
			);
			inputPaths = (
				"$(SRCROOT)/Social_Activity/Info-iOS.plist",
				"$(SRCROOT)/Social_Activity/Info-macOS.plist",
			);
			outputFileListPaths = (
			);
			outputPaths = (
				"${BUILT_PRODUCTS_DIR}/Info.plist",
			);
			runOnlyForDeploymentPostprocessing = 0;
			shellPath = /bin/sh;
			shellScript = "# Type a script or drag a script file from your workspace to insert its path.\nset -e\n\necho \"Building for platform: ${PLATFORM_NAME}\"\n\nif [ \"$SCRIPT_INPUT_FILE_COUNT\" -gt 2 ]; then\n    echo \"You have too many input files, the first should be the iOS info.plist and the second should be the macOS info.plist\"\n    exit 1\nelif [ \"$SCRIPT_INPUT_FILE_COUNT\" -lt 2 ]; then\n    echo \"You don't have enough input files, the first should be the iOS info.plist and the second should be the macOS info.plist\"\n    exit 1\nelif [ \"$SCRIPT_OUTPUT_FILE_COUNT\" -ne 1 ]; then\n    echo \"You don't have the right number of output files\"\n    exit 1\nelif [ \"$SCRIPT_OUTPUT_FILE_COUNT\" -ne 1 ] || [ \"$SCRIPT_INPUT_FILE_COUNT\" -ne 2 ]; then\n    echo \"Something went wrong with the input and output files.\"\n    exit 1\nfi\n\n# Select the correct Info.plist file based on the platform\nif [ \"$PLATFORM_NAME\" == \"iphoneos\" ] || [ \"$PLATFORM_NAME\" == \"iphonesimulator\" ]; then\n    echo \"Using iOS Info.plist\"\n    cp \"${SCRIPT_INPUT_FILE_0}\" \"${SCRIPT_OUTPUT_FILE_0}\"\nelif [ \"$PLATFORM_NAME\" == \"macosx\" ]; then\n    echo \"Using macOS Info.plist\"\n    cp \"${SCRIPT_INPUT_FILE_1}\" \"${SCRIPT_OUTPUT_FILE_0}\"\nelse\n    echo \"Error: Unsupported platform '${PLATFORM_NAME}'\"\n    exit 1\nfi\n\n# Print success message\necho \"Info.plist copied to ${SCRIPT_OUTPUT_FILE_0}\"\n";
		};
/* End PBXShellScriptBuildPhase section */

/* Begin PBXSourcesBuildPhase section */
		C67919702D055A63003140BD /* Sources */ = {
			isa = PBXSourcesBuildPhase;
			buildActionMask = 2147483647;
			files = (
				C68D45482D4309870036D29A /* Types.swift in Sources */,
			);
			runOnlyForDeploymentPostprocessing = 0;
		};
		C6CB4DAA2B48603E0040C9F9 /* Sources */ = {
			isa = PBXSourcesBuildPhase;
			buildActionMask = 2147483647;
			files = (
				C68D452A2D4309870036D29A /* Authentication.swift in Sources */,
				C68D452B2D4309870036D29A /* Controller.swift in Sources */,
				C68D452C2D4309870036D29A /* EmojiPicker.swift in Sources */,
				C68D452D2D4309870036D29A /* Firestore.swift in Sources */,
				C68D452E2D4309870036D29A /* GitHubConnection.swift in Sources */,
				C68D452F2D4309870036D29A /* HomeList.swift in Sources */,
				C68D45302D4309870036D29A /* HomeView.swift in Sources */,
				C68D45312D4309870036D29A /* Keychain.swift in Sources */,
				C68D45322D4309870036D29A /* LoginView.swift in Sources */,
				C68D45332D4309870036D29A /* PasswordView.swift in Sources */,
				C68D45342D4309870036D29A /* ProfileView.swift in Sources */,
				C68D45532D473A7A0036D29A /* NotificationFunctions.swift in Sources */,
				C68D45352D4309870036D29A /* SettingsView.swift in Sources */,
				C68D45362D4309870036D29A /* StatusItem.swift in Sources */,
				C68D45372D4309870036D29A /* Types.swift in Sources */,
				C6F9AF472CFD1DFA001E8608 /* ArchGithHubStatusApp.swift in Sources */,
			);
			runOnlyForDeploymentPostprocessing = 0;
		};
/* End PBXSourcesBuildPhase section */

/* Begin XCBuildConfiguration section */
		C67919842D055A64003140BD /* Debug */ = {
			isa = XCBuildConfiguration;
			buildSettings = {
				ASSETCATALOG_COMPILER_GLOBAL_ACCENT_COLOR_NAME = AccentColor;
				ASSETCATALOG_COMPILER_WIDGET_BACKGROUND_COLOR_NAME = WidgetBackground;
				CODE_SIGN_ENTITLEMENTS = /Users/andrewmainella/Documents/ArchGithHubStatus/Widgets/WidgetsExtension.entitlements;
				CODE_SIGN_STYLE = Automatic;
				CURRENT_PROJECT_VERSION = 1;
				DEVELOPMENT_TEAM = SYV2CK2N9N;
				GENERATE_INFOPLIST_FILE = YES;
				INFOPLIST_FILE = Widgets/Info.plist;
				INFOPLIST_KEY_CFBundleDisplayName = Widgets;
				INFOPLIST_KEY_NSHumanReadableCopyright = "";
				IPHONEOS_DEPLOYMENT_TARGET = 17.6;
				LD_RUNPATH_SEARCH_PATHS = (
					"$(inherited)",
					"@executable_path/Frameworks",
					"@executable_path/../../Frameworks",
				);
				MARKETING_VERSION = 1.0;
				PRODUCT_BUNDLE_IDENTIFIER = com.Archimedes4.SocialActivity.iOS.Widgets;
				PRODUCT_NAME = "$(TARGET_NAME)";
				SDKROOT = iphoneos;
				SKIP_INSTALL = YES;
				SWIFT_EMIT_LOC_STRINGS = YES;
				SWIFT_VERSION = 5.0;
				TARGETED_DEVICE_FAMILY = "1,2";
			};
			name = Debug;
		};
		C67919852D055A64003140BD /* Release */ = {
			isa = XCBuildConfiguration;
			buildSettings = {
				ASSETCATALOG_COMPILER_GLOBAL_ACCENT_COLOR_NAME = AccentColor;
				ASSETCATALOG_COMPILER_WIDGET_BACKGROUND_COLOR_NAME = WidgetBackground;
				CODE_SIGN_ENTITLEMENTS = /Users/andrewmainella/Documents/ArchGithHubStatus/Widgets/WidgetsExtension.entitlements;
				CODE_SIGN_STYLE = Automatic;
				CURRENT_PROJECT_VERSION = 1;
				DEVELOPMENT_TEAM = SYV2CK2N9N;
				GENERATE_INFOPLIST_FILE = YES;
				INFOPLIST_FILE = Widgets/Info.plist;
				INFOPLIST_KEY_CFBundleDisplayName = Widgets;
				INFOPLIST_KEY_NSHumanReadableCopyright = "";
				IPHONEOS_DEPLOYMENT_TARGET = 17.6;
				LD_RUNPATH_SEARCH_PATHS = (
					"$(inherited)",
					"@executable_path/Frameworks",
					"@executable_path/../../Frameworks",
				);
				MARKETING_VERSION = 1.0;
				PRODUCT_BUNDLE_IDENTIFIER = com.Archimedes4.SocialActivity.iOS.Widgets;
				PRODUCT_NAME = "$(TARGET_NAME)";
				SDKROOT = iphoneos;
				SKIP_INSTALL = YES;
				SWIFT_EMIT_LOC_STRINGS = YES;
				SWIFT_VERSION = 5.0;
				TARGETED_DEVICE_FAMILY = "1,2";
				VALIDATE_PRODUCT = YES;
			};
			name = Release;
		};
		C6CB4DBB2B4860400040C9F9 /* Debug */ = {
			isa = XCBuildConfiguration;
			buildSettings = {
				ALWAYS_SEARCH_USER_PATHS = NO;
				ASSETCATALOG_COMPILER_GENERATE_SWIFT_ASSET_SYMBOL_EXTENSIONS = YES;
				CLANG_ANALYZER_NONNULL = YES;
				CLANG_ANALYZER_NUMBER_OBJECT_CONVERSION = YES_AGGRESSIVE;
				CLANG_CXX_LANGUAGE_STANDARD = "gnu++20";
				CLANG_ENABLE_MODULES = YES;
				CLANG_ENABLE_OBJC_ARC = YES;
				CLANG_ENABLE_OBJC_WEAK = YES;
				CLANG_WARN_BLOCK_CAPTURE_AUTORELEASING = YES;
				CLANG_WARN_BOOL_CONVERSION = YES;
				CLANG_WARN_COMMA = YES;
				CLANG_WARN_CONSTANT_CONVERSION = YES;
				CLANG_WARN_DEPRECATED_OBJC_IMPLEMENTATIONS = YES;
				CLANG_WARN_DIRECT_OBJC_ISA_USAGE = YES_ERROR;
				CLANG_WARN_DOCUMENTATION_COMMENTS = YES;
				CLANG_WARN_EMPTY_BODY = YES;
				CLANG_WARN_ENUM_CONVERSION = YES;
				CLANG_WARN_INFINITE_RECURSION = YES;
				CLANG_WARN_INT_CONVERSION = YES;
				CLANG_WARN_NON_LITERAL_NULL_CONVERSION = YES;
				CLANG_WARN_OBJC_IMPLICIT_RETAIN_SELF = YES;
				CLANG_WARN_OBJC_LITERAL_CONVERSION = YES;
				CLANG_WARN_OBJC_ROOT_CLASS = YES_ERROR;
				CLANG_WARN_QUOTED_INCLUDE_IN_FRAMEWORK_HEADER = YES;
				CLANG_WARN_RANGE_LOOP_ANALYSIS = YES;
				CLANG_WARN_STRICT_PROTOTYPES = YES;
				CLANG_WARN_SUSPICIOUS_MOVE = YES;
				CLANG_WARN_UNGUARDED_AVAILABILITY = YES_AGGRESSIVE;
				CLANG_WARN_UNREACHABLE_CODE = YES;
				CLANG_WARN__DUPLICATE_METHOD_MATCH = YES;
				COPY_PHASE_STRIP = NO;
				DEAD_CODE_STRIPPING = YES;
				DEBUG_INFORMATION_FORMAT = dwarf;
				ENABLE_STRICT_OBJC_MSGSEND = YES;
				ENABLE_TESTABILITY = YES;
				ENABLE_USER_SCRIPT_SANDBOXING = YES;
				GCC_C_LANGUAGE_STANDARD = gnu17;
				GCC_DYNAMIC_NO_PIC = NO;
				GCC_NO_COMMON_BLOCKS = YES;
				GCC_OPTIMIZATION_LEVEL = 0;
				GCC_PREPROCESSOR_DEFINITIONS = (
					"DEBUG=1",
					"$(inherited)",
				);
				GCC_WARN_64_TO_32_BIT_CONVERSION = YES;
				GCC_WARN_ABOUT_RETURN_TYPE = YES_ERROR;
				GCC_WARN_UNDECLARED_SELECTOR = YES;
				GCC_WARN_UNINITIALIZED_AUTOS = YES_AGGRESSIVE;
				GCC_WARN_UNUSED_FUNCTION = YES;
				GCC_WARN_UNUSED_VARIABLE = YES;
				LOCALIZATION_PREFERS_STRING_CATALOGS = YES;
				MACOSX_DEPLOYMENT_TARGET = 14.2;
				MTL_ENABLE_DEBUG_INFO = INCLUDE_SOURCE;
				MTL_FAST_MATH = YES;
				ONLY_ACTIVE_ARCH = YES;
				SDKROOT = macosx;
				SWIFT_ACTIVE_COMPILATION_CONDITIONS = "DEBUG $(inherited)";
				SWIFT_OPTIMIZATION_LEVEL = "-Onone";
			};
			name = Debug;
		};
		C6CB4DBC2B4860400040C9F9 /* Release */ = {
			isa = XCBuildConfiguration;
			buildSettings = {
				ALWAYS_SEARCH_USER_PATHS = NO;
				ASSETCATALOG_COMPILER_GENERATE_SWIFT_ASSET_SYMBOL_EXTENSIONS = YES;
				CLANG_ANALYZER_NONNULL = YES;
				CLANG_ANALYZER_NUMBER_OBJECT_CONVERSION = YES_AGGRESSIVE;
				CLANG_CXX_LANGUAGE_STANDARD = "gnu++20";
				CLANG_ENABLE_MODULES = YES;
				CLANG_ENABLE_OBJC_ARC = YES;
				CLANG_ENABLE_OBJC_WEAK = YES;
				CLANG_WARN_BLOCK_CAPTURE_AUTORELEASING = YES;
				CLANG_WARN_BOOL_CONVERSION = YES;
				CLANG_WARN_COMMA = YES;
				CLANG_WARN_CONSTANT_CONVERSION = YES;
				CLANG_WARN_DEPRECATED_OBJC_IMPLEMENTATIONS = YES;
				CLANG_WARN_DIRECT_OBJC_ISA_USAGE = YES_ERROR;
				CLANG_WARN_DOCUMENTATION_COMMENTS = YES;
				CLANG_WARN_EMPTY_BODY = YES;
				CLANG_WARN_ENUM_CONVERSION = YES;
				CLANG_WARN_INFINITE_RECURSION = YES;
				CLANG_WARN_INT_CONVERSION = YES;
				CLANG_WARN_NON_LITERAL_NULL_CONVERSION = YES;
				CLANG_WARN_OBJC_IMPLICIT_RETAIN_SELF = YES;
				CLANG_WARN_OBJC_LITERAL_CONVERSION = YES;
				CLANG_WARN_OBJC_ROOT_CLASS = YES_ERROR;
				CLANG_WARN_QUOTED_INCLUDE_IN_FRAMEWORK_HEADER = YES;
				CLANG_WARN_RANGE_LOOP_ANALYSIS = YES;
				CLANG_WARN_STRICT_PROTOTYPES = YES;
				CLANG_WARN_SUSPICIOUS_MOVE = YES;
				CLANG_WARN_UNGUARDED_AVAILABILITY = YES_AGGRESSIVE;
				CLANG_WARN_UNREACHABLE_CODE = YES;
				CLANG_WARN__DUPLICATE_METHOD_MATCH = YES;
				COPY_PHASE_STRIP = NO;
				DEAD_CODE_STRIPPING = YES;
				DEBUG_INFORMATION_FORMAT = "dwarf-with-dsym";
				ENABLE_NS_ASSERTIONS = NO;
				ENABLE_STRICT_OBJC_MSGSEND = YES;
				ENABLE_USER_SCRIPT_SANDBOXING = YES;
				GCC_C_LANGUAGE_STANDARD = gnu17;
				GCC_NO_COMMON_BLOCKS = YES;
				GCC_WARN_64_TO_32_BIT_CONVERSION = YES;
				GCC_WARN_ABOUT_RETURN_TYPE = YES_ERROR;
				GCC_WARN_UNDECLARED_SELECTOR = YES;
				GCC_WARN_UNINITIALIZED_AUTOS = YES_AGGRESSIVE;
				GCC_WARN_UNUSED_FUNCTION = YES;
				GCC_WARN_UNUSED_VARIABLE = YES;
				LOCALIZATION_PREFERS_STRING_CATALOGS = YES;
				MACOSX_DEPLOYMENT_TARGET = 14.2;
				MTL_ENABLE_DEBUG_INFO = NO;
				MTL_FAST_MATH = YES;
				SDKROOT = macosx;
				SWIFT_COMPILATION_MODE = wholemodule;
			};
			name = Release;
		};
		C6CB4DBE2B4860400040C9F9 /* Debug */ = {
			isa = XCBuildConfiguration;
			buildSettings = {
				ASSETCATALOG_COMPILER_APPICON_NAME = AppIcon;
				ASSETCATALOG_COMPILER_GLOBAL_ACCENT_COLOR_NAME = AccentColor;
				ASSETCATALOG_COMPILER_INCLUDE_ALL_APPICON_ASSETS = NO;
				CODE_SIGN_ENTITLEMENTS = Social_Activity/Social_Activity.entitlements;
				"CODE_SIGN_IDENTITY[sdk=macosx*]" = "Apple Development";
				CODE_SIGN_STYLE = Automatic;
				COMBINE_HIDPI_IMAGES = YES;
				CURRENT_PROJECT_VERSION = 1;
				DEAD_CODE_STRIPPING = YES;
				DEVELOPMENT_ASSET_PATHS = "\"Social_Activity/Preview Content\" /Users/andrewmainella/Documents/ArchGithHubStatus/Social_Activity/Nunito-Regular.ttf";
				DEVELOPMENT_TEAM = SYV2CK2N9N;
				ENABLE_HARDENED_RUNTIME = NO;
				ENABLE_PREVIEWS = YES;
				GENERATE_INFOPLIST_FILE = NO;
				INFOPLIST_FILE = "${BUILT_PRODUCTS_DIR}/Info.plist";
				INFOPLIST_KEY_CFBundleDisplayName = "Social Activity";
				INFOPLIST_KEY_LSApplicationCategoryType = "public.app-category.utilities";
				INFOPLIST_KEY_LSUIElement = YES;
				INFOPLIST_KEY_NSHumanReadableCopyright = "";
				INFOPLIST_PREPROCESS = YES;
				IPHONEOS_DEPLOYMENT_TARGET = 17.6;
				LD_RUNPATH_SEARCH_PATHS = (
					"$(inherited)",
					"@executable_path/../Frameworks",
				);
				MACOSX_DEPLOYMENT_TARGET = 14.6;
				MARKETING_VERSION = 1.0;
				PRODUCT_BUNDLE_IDENTIFIER = com.Archimedes4.SocialActivity;
				PRODUCT_NAME = "$(TARGET_NAME)";
				REGISTER_APP_GROUPS = NO;
				SUPPORTED_PLATFORMS = "iphoneos iphonesimulator macosx";
				SUPPORTS_MACCATALYST = NO;
				SWIFT_EMIT_LOC_STRINGS = YES;
				SWIFT_VERSION = 5.0;
				TARGETED_DEVICE_FAMILY = "1,2";
			};
			name = Debug;
		};
		C6CB4DBF2B4860400040C9F9 /* Release */ = {
			isa = XCBuildConfiguration;
			buildSettings = {
				ASSETCATALOG_COMPILER_APPICON_NAME = AppIcon;
				ASSETCATALOG_COMPILER_GLOBAL_ACCENT_COLOR_NAME = AccentColor;
				ASSETCATALOG_COMPILER_INCLUDE_ALL_APPICON_ASSETS = NO;
				CODE_SIGN_ENTITLEMENTS = Social_Activity/Social_Activity.entitlements;
				"CODE_SIGN_IDENTITY[sdk=macosx*]" = "Apple Development";
				CODE_SIGN_STYLE = Automatic;
				COMBINE_HIDPI_IMAGES = YES;
				CURRENT_PROJECT_VERSION = 1;
				DEAD_CODE_STRIPPING = YES;
				DEVELOPMENT_ASSET_PATHS = "\"Social_Activity/Preview Content\" /Users/andrewmainella/Documents/ArchGithHubStatus/Social_Activity/Nunito-Regular.ttf";
				DEVELOPMENT_TEAM = SYV2CK2N9N;
				ENABLE_HARDENED_RUNTIME = NO;
				ENABLE_PREVIEWS = YES;
				GENERATE_INFOPLIST_FILE = NO;
				INFOPLIST_FILE = "${BUILT_PRODUCTS_DIR}/Info.plist";
				INFOPLIST_KEY_CFBundleDisplayName = "Social Activity";
				INFOPLIST_KEY_LSApplicationCategoryType = "public.app-category.utilities";
				INFOPLIST_KEY_LSUIElement = YES;
				INFOPLIST_KEY_NSHumanReadableCopyright = "";
				INFOPLIST_PREPROCESS = YES;
				IPHONEOS_DEPLOYMENT_TARGET = 17.6;
				LD_RUNPATH_SEARCH_PATHS = (
					"$(inherited)",
					"@executable_path/../Frameworks",
				);
				MACOSX_DEPLOYMENT_TARGET = 14.6;
				MARKETING_VERSION = 1.0;
				PRODUCT_BUNDLE_IDENTIFIER = com.Archimedes4.SocialActivity;
				PRODUCT_NAME = "$(TARGET_NAME)";
				REGISTER_APP_GROUPS = NO;
				SUPPORTED_PLATFORMS = "iphoneos iphonesimulator macosx";
				SUPPORTS_MACCATALYST = NO;
				SWIFT_EMIT_LOC_STRINGS = YES;
				SWIFT_VERSION = 5.0;
				TARGETED_DEVICE_FAMILY = "1,2";
			};
			name = Release;
		};
/* End XCBuildConfiguration section */

/* Begin XCConfigurationList section */
		C67919832D055A64003140BD /* Build configuration list for PBXNativeTarget "WidgetsExtension" */ = {
			isa = XCConfigurationList;
			buildConfigurations = (
				C67919842D055A64003140BD /* Debug */,
				C67919852D055A64003140BD /* Release */,
			);
			defaultConfigurationIsVisible = 0;
			defaultConfigurationName = Release;
		};
		C6CB4DA92B48603E0040C9F9 /* Build configuration list for PBXProject "Social_Activity" */ = {
			isa = XCConfigurationList;
			buildConfigurations = (
				C6CB4DBB2B4860400040C9F9 /* Debug */,
				C6CB4DBC2B4860400040C9F9 /* Release */,
			);
			defaultConfigurationIsVisible = 0;
			defaultConfigurationName = Release;
		};
		C6CB4DBD2B4860400040C9F9 /* Build configuration list for PBXNativeTarget "Social_Activity" */ = {
			isa = XCConfigurationList;
			buildConfigurations = (
				C6CB4DBE2B4860400040C9F9 /* Debug */,
				C6CB4DBF2B4860400040C9F9 /* Release */,
			);
			defaultConfigurationIsVisible = 0;
			defaultConfigurationName = Release;
		};
/* End XCConfigurationList section */

/* Begin XCRemoteSwiftPackageReference section */
		C61CF8D72CF026F9001A93C5 /* XCRemoteSwiftPackageReference "firebase-ios-sdk" */ = {
			isa = XCRemoteSwiftPackageReference;
			repositoryURL = "https://github.com/firebase/firebase-ios-sdk";
			requirement = {
				kind = upToNextMajorVersion;
				minimumVersion = 11.5.0;
			};
		};
		C6F9AFAB2CFE1DCB001E8608 /* XCRemoteSwiftPackageReference "firebase-ios-sdk" */ = {
			isa = XCRemoteSwiftPackageReference;
			repositoryURL = "https://github.com/firebase/firebase-ios-sdk";
			requirement = {
				kind = upToNextMajorVersion;
				minimumVersion = 11.5.0;
			};
		};
/* End XCRemoteSwiftPackageReference section */

/* Begin XCSwiftPackageProductDependency section */
		C61CF8D82CF026F9001A93C5 /* FirebaseAuth */ = {
			isa = XCSwiftPackageProductDependency;
			package = C61CF8D72CF026F9001A93C5 /* XCRemoteSwiftPackageReference "firebase-ios-sdk" */;
			productName = FirebaseAuth;
		};
		C61CF8DA2CF026F9001A93C5 /* FirebaseFirestore */ = {
			isa = XCSwiftPackageProductDependency;
			package = C61CF8D72CF026F9001A93C5 /* XCRemoteSwiftPackageReference "firebase-ios-sdk" */;
			productName = FirebaseFirestore;
		};
		C67919982D055B2E003140BD /* FirebaseAuth */ = {
			isa = XCSwiftPackageProductDependency;
			package = C6F9AFAB2CFE1DCB001E8608 /* XCRemoteSwiftPackageReference "firebase-ios-sdk" */;
			productName = FirebaseAuth;
		};
		C679199A2D055B2E003140BD /* FirebaseCore */ = {
			isa = XCSwiftPackageProductDependency;
			package = C6F9AFAB2CFE1DCB001E8608 /* XCRemoteSwiftPackageReference "firebase-ios-sdk" */;
			productName = FirebaseCore;
		};
		C679199C2D055B2E003140BD /* FirebaseFirestore */ = {
			isa = XCSwiftPackageProductDependency;
			package = C6F9AFAB2CFE1DCB001E8608 /* XCRemoteSwiftPackageReference "firebase-ios-sdk" */;
			productName = FirebaseFirestore;
		};
		C68D45542D4744B90036D29A /* FirebaseMessaging */ = {
			isa = XCSwiftPackageProductDependency;
			package = C6F9AFAB2CFE1DCB001E8608 /* XCRemoteSwiftPackageReference "firebase-ios-sdk" */;
			productName = FirebaseMessaging;
		};
		C6F9AFA72CFE1CE8001E8608 /* FirebaseCore */ = {
			isa = XCSwiftPackageProductDependency;
			package = C61CF8D72CF026F9001A93C5 /* XCRemoteSwiftPackageReference "firebase-ios-sdk" */;
			productName = FirebaseCore;
		};
		C6F9AFAC2CFE1DCB001E8608 /* FirebaseAuth */ = {
			isa = XCSwiftPackageProductDependency;
			package = C6F9AFAB2CFE1DCB001E8608 /* XCRemoteSwiftPackageReference "firebase-ios-sdk" */;
			productName = FirebaseAuth;
		};
		C6F9AFAE2CFE1DCB001E8608 /* FirebaseFirestore */ = {
			isa = XCSwiftPackageProductDependency;
			package = C6F9AFAB2CFE1DCB001E8608 /* XCRemoteSwiftPackageReference "firebase-ios-sdk" */;
			productName = FirebaseFirestore;
		};
/* End XCSwiftPackageProductDependency section */
	};
	rootObject = C6CB4DA62B48603E0040C9F9 /* Project object */;
}
